// !$*UTF8*$!
{
	archiveVersion = 1;
	classes = {
	};
	objectVersion = 46;
	objects = {

/* Begin PBXBuildFile section */
		3E43A9E9CF8460E3F8DE4232 /* Pods.framework in Frameworks */ = {isa = PBXBuildFile; fileRef = 12DF8C2F155D46B83A21303B /* Pods.framework */; settings = {ATTRIBUTES = (Weak, ); }; };
		8976D2DE1B5F4E570016408F /* AppDelegate.swift in Sources */ = {isa = PBXBuildFile; fileRef = 8976D2DD1B5F4E570016408F /* AppDelegate.swift */; };
		8976D2E51B5F4E570016408F /* Images.xcassets in Resources */ = {isa = PBXBuildFile; fileRef = 8976D2E41B5F4E570016408F /* Images.xcassets */; };
		8976D2E81B5F4E570016408F /* LaunchScreen.xib in Resources */ = {isa = PBXBuildFile; fileRef = 8976D2E61B5F4E570016408F /* LaunchScreen.xib */; };
		8976D2F41B5F4E580016408F /* HoneycombViewExampleTests.swift in Sources */ = {isa = PBXBuildFile; fileRef = 8976D2F31B5F4E580016408F /* HoneycombViewExampleTests.swift */; };
		8976D3011B5F4E740016408F /* FirstViewController.swift in Sources */ = {isa = PBXBuildFile; fileRef = 8976D2FE1B5F4E740016408F /* FirstViewController.swift */; };
		8976D3051B5F4E8B0016408F /* Main.storyboard in Resources */ = {isa = PBXBuildFile; fileRef = 8976D3041B5F4E8B0016408F /* Main.storyboard */; };
		897959AB1BBA9B5700781508 /* HoneycombView.swift in Sources */ = {isa = PBXBuildFile; fileRef = 897959AA1BBA9B5700781508 /* HoneycombView.swift */; settings = {ASSET_TAGS = (); }; };
		89AC9DF51B5F80BE0072EA65 /* image0.jpg in Resources */ = {isa = PBXBuildFile; fileRef = 89AC9DEA1B5F80BE0072EA65 /* image0.jpg */; };
		89AC9DF61B5F80BE0072EA65 /* image1.jpg in Resources */ = {isa = PBXBuildFile; fileRef = 89AC9DEB1B5F80BE0072EA65 /* image1.jpg */; };
		89AC9DF71B5F80BE0072EA65 /* image2.jpg in Resources */ = {isa = PBXBuildFile; fileRef = 89AC9DEC1B5F80BE0072EA65 /* image2.jpg */; };
		89AC9DF81B5F80BE0072EA65 /* image3.jpg in Resources */ = {isa = PBXBuildFile; fileRef = 89AC9DED1B5F80BE0072EA65 /* image3.jpg */; };
		89AC9DF91B5F80BE0072EA65 /* image4.jpg in Resources */ = {isa = PBXBuildFile; fileRef = 89AC9DEE1B5F80BE0072EA65 /* image4.jpg */; };
		89AC9DFA1B5F80BE0072EA65 /* image5.jpg in Resources */ = {isa = PBXBuildFile; fileRef = 89AC9DEF1B5F80BE0072EA65 /* image5.jpg */; };
		89AC9DFB1B5F80BE0072EA65 /* image6.jpg in Resources */ = {isa = PBXBuildFile; fileRef = 89AC9DF01B5F80BE0072EA65 /* image6.jpg */; };
		89AC9DFC1B5F80BE0072EA65 /* image7.jpg in Resources */ = {isa = PBXBuildFile; fileRef = 89AC9DF11B5F80BE0072EA65 /* image7.jpg */; };
		89AC9DFD1B5F80BE0072EA65 /* image8.jpg in Resources */ = {isa = PBXBuildFile; fileRef = 89AC9DF21B5F80BE0072EA65 /* image8.jpg */; };
		89AC9DFE1B5F80BE0072EA65 /* image9.jpg in Resources */ = {isa = PBXBuildFile; fileRef = 89AC9DF31B5F80BE0072EA65 /* image9.jpg */; };
		89AC9DFF1B5F80BE0072EA65 /* image10.jpg in Resources */ = {isa = PBXBuildFile; fileRef = 89AC9DF41B5F80BE0072EA65 /* image10.jpg */; };
		89D141681BBBC307008044EC /* IDMCaptionView.m in Sources */ = {isa = PBXBuildFile; fileRef = 89D141591BBBC307008044EC /* IDMCaptionView.m */; settings = {ASSET_TAGS = (); }; };
		89D141691BBBC307008044EC /* IDMPBLocalizations.bundle in Resources */ = {isa = PBXBuildFile; fileRef = 89D1415B1BBBC307008044EC /* IDMPBLocalizations.bundle */; settings = {ASSET_TAGS = (); }; };
		89D1416A1BBBC307008044EC /* IDMPhoto.m in Sources */ = {isa = PBXBuildFile; fileRef = 89D1415D1BBBC307008044EC /* IDMPhoto.m */; settings = {ASSET_TAGS = (); }; };
		89D1416B1BBBC307008044EC /* IDMPhotoBrowser.bundle in Resources */ = {isa = PBXBuildFile; fileRef = 89D1415E1BBBC307008044EC /* IDMPhotoBrowser.bundle */; settings = {ASSET_TAGS = (); }; };
		89D1416C1BBBC307008044EC /* IDMPhotoBrowser.m in Sources */ = {isa = PBXBuildFile; fileRef = 89D141601BBBC307008044EC /* IDMPhotoBrowser.m */; settings = {ASSET_TAGS = (); }; };
		89D1416D1BBBC307008044EC /* IDMTapDetectingImageView.m in Sources */ = {isa = PBXBuildFile; fileRef = 89D141631BBBC307008044EC /* IDMTapDetectingImageView.m */; settings = {ASSET_TAGS = (); }; };
		89D1416E1BBBC307008044EC /* IDMTapDetectingView.m in Sources */ = {isa = PBXBuildFile; fileRef = 89D141651BBBC307008044EC /* IDMTapDetectingView.m */; settings = {ASSET_TAGS = (); }; };
		89D1416F1BBBC307008044EC /* IDMZoomingScrollView.m in Sources */ = {isa = PBXBuildFile; fileRef = 89D141671BBBC307008044EC /* IDMZoomingScrollView.m */; settings = {ASSET_TAGS = (); }; };
/* End PBXBuildFile section */

/* Begin PBXContainerItemProxy section */
		8976D2EE1B5F4E580016408F /* PBXContainerItemProxy */ = {
			isa = PBXContainerItemProxy;
			containerPortal = 8976D2D01B5F4E570016408F /* Project object */;
			proxyType = 1;
			remoteGlobalIDString = 8976D2D71B5F4E570016408F;
			remoteInfo = HoneycombViewExample;
		};
/* End PBXContainerItemProxy section */

/* Begin PBXCopyFilesBuildPhase section */
		89962E011BBA830800FE0CD6 /* Embed Frameworks */ = {
			isa = PBXCopyFilesBuildPhase;
			buildActionMask = 2147483647;
			dstPath = "";
			dstSubfolderSpec = 10;
			files = (
			);
			name = "Embed Frameworks";
			runOnlyForDeploymentPostprocessing = 0;
		};
/* End PBXCopyFilesBuildPhase section */

/* Begin PBXFileReference section */
		12DF8C2F155D46B83A21303B /* Pods.framework */ = {isa = PBXFileReference; explicitFileType = wrapper.framework; includeInIndex = 0; path = Pods.framework; sourceTree = BUILT_PRODUCTS_DIR; };
		8976D2D81B5F4E570016408F /* HoneycombViewExample.app */ = {isa = PBXFileReference; explicitFileType = wrapper.application; includeInIndex = 0; path = HoneycombViewExample.app; sourceTree = BUILT_PRODUCTS_DIR; };
		8976D2DC1B5F4E570016408F /* Info.plist */ = {isa = PBXFileReference; lastKnownFileType = text.plist.xml; path = Info.plist; sourceTree = "<group>"; };
		8976D2DD1B5F4E570016408F /* AppDelegate.swift */ = {isa = PBXFileReference; lastKnownFileType = sourcecode.swift; path = AppDelegate.swift; sourceTree = "<group>"; };
		8976D2E41B5F4E570016408F /* Images.xcassets */ = {isa = PBXFileReference; lastKnownFileType = folder.assetcatalog; path = Images.xcassets; sourceTree = "<group>"; };
		8976D2E71B5F4E570016408F /* Base */ = {isa = PBXFileReference; lastKnownFileType = file.xib; name = Base; path = Base.lproj/LaunchScreen.xib; sourceTree = "<group>"; };
		8976D2ED1B5F4E580016408F /* HoneycombViewExampleTests.xctest */ = {isa = PBXFileReference; explicitFileType = wrapper.cfbundle; includeInIndex = 0; path = HoneycombViewExampleTests.xctest; sourceTree = BUILT_PRODUCTS_DIR; };
		8976D2F21B5F4E580016408F /* Info.plist */ = {isa = PBXFileReference; lastKnownFileType = text.plist.xml; path = Info.plist; sourceTree = "<group>"; };
		8976D2F31B5F4E580016408F /* HoneycombViewExampleTests.swift */ = {isa = PBXFileReference; lastKnownFileType = sourcecode.swift; path = HoneycombViewExampleTests.swift; sourceTree = "<group>"; };
		8976D2FE1B5F4E740016408F /* FirstViewController.swift */ = {isa = PBXFileReference; fileEncoding = 4; lastKnownFileType = sourcecode.swift; path = FirstViewController.swift; sourceTree = "<group>"; };
		8976D3041B5F4E8B0016408F /* Main.storyboard */ = {isa = PBXFileReference; fileEncoding = 4; lastKnownFileType = file.storyboard; path = Main.storyboard; sourceTree = "<group>"; };
		897959AA1BBA9B5700781508 /* HoneycombView.swift */ = {isa = PBXFileReference; fileEncoding = 4; lastKnownFileType = sourcecode.swift; path = HoneycombView.swift; sourceTree = "<group>"; };
		89978EB41BBCC6E0003C0160 /* DACircularProgress.framework */ = {isa = PBXFileReference; lastKnownFileType = wrapper.framework; name = DACircularProgress.framework; path = "Pods/../build/Debug-iphoneos/Pods/DACircularProgress.framework"; sourceTree = "<group>"; };
		89978EB61BBCC6E3003C0160 /* pop.framework */ = {isa = PBXFileReference; lastKnownFileType = wrapper.framework; name = pop.framework; path = "Pods/../build/Debug-iphoneos/Pods/pop.framework"; sourceTree = "<group>"; };
		89AC9DEA1B5F80BE0072EA65 /* image0.jpg */ = {isa = PBXFileReference; lastKnownFileType = image.jpeg; path = image0.jpg; sourceTree = "<group>"; };
		89AC9DEB1B5F80BE0072EA65 /* image1.jpg */ = {isa = PBXFileReference; lastKnownFileType = image.jpeg; path = image1.jpg; sourceTree = "<group>"; };
		89AC9DEC1B5F80BE0072EA65 /* image2.jpg */ = {isa = PBXFileReference; lastKnownFileType = image.jpeg; path = image2.jpg; sourceTree = "<group>"; };
		89AC9DED1B5F80BE0072EA65 /* image3.jpg */ = {isa = PBXFileReference; lastKnownFileType = image.jpeg; path = image3.jpg; sourceTree = "<group>"; };
		89AC9DEE1B5F80BE0072EA65 /* image4.jpg */ = {isa = PBXFileReference; lastKnownFileType = image.jpeg; path = image4.jpg; sourceTree = "<group>"; };
		89AC9DEF1B5F80BE0072EA65 /* image5.jpg */ = {isa = PBXFileReference; lastKnownFileType = image.jpeg; path = image5.jpg; sourceTree = "<group>"; };
		89AC9DF01B5F80BE0072EA65 /* image6.jpg */ = {isa = PBXFileReference; lastKnownFileType = image.jpeg; path = image6.jpg; sourceTree = "<group>"; };
		89AC9DF11B5F80BE0072EA65 /* image7.jpg */ = {isa = PBXFileReference; lastKnownFileType = image.jpeg; path = image7.jpg; sourceTree = "<group>"; };
		89AC9DF21B5F80BE0072EA65 /* image8.jpg */ = {isa = PBXFileReference; lastKnownFileType = image.jpeg; path = image8.jpg; sourceTree = "<group>"; };
		89AC9DF31B5F80BE0072EA65 /* image9.jpg */ = {isa = PBXFileReference; lastKnownFileType = image.jpeg; path = image9.jpg; sourceTree = "<group>"; };
		89AC9DF41B5F80BE0072EA65 /* image10.jpg */ = {isa = PBXFileReference; lastKnownFileType = image.jpeg; path = image10.jpg; sourceTree = "<group>"; };
		89D141571BBBC306008044EC /* HoneycombViewExample-Bridging-Header.h */ = {isa = PBXFileReference; lastKnownFileType = sourcecode.c.h; path = "HoneycombViewExample-Bridging-Header.h"; sourceTree = "<group>"; };
		89D141581BBBC307008044EC /* IDMCaptionView.h */ = {isa = PBXFileReference; fileEncoding = 4; lastKnownFileType = sourcecode.c.h; path = IDMCaptionView.h; sourceTree = "<group>"; };
		89D141591BBBC307008044EC /* IDMCaptionView.m */ = {isa = PBXFileReference; fileEncoding = 4; lastKnownFileType = sourcecode.c.objc; path = IDMCaptionView.m; sourceTree = "<group>"; };
		89D1415A1BBBC307008044EC /* IDMPBConstants.h */ = {isa = PBXFileReference; fileEncoding = 4; lastKnownFileType = sourcecode.c.h; path = IDMPBConstants.h; sourceTree = "<group>"; };
		89D1415B1BBBC307008044EC /* IDMPBLocalizations.bundle */ = {isa = PBXFileReference; lastKnownFileType = "wrapper.plug-in"; path = IDMPBLocalizations.bundle; sourceTree = "<group>"; };
		89D1415C1BBBC307008044EC /* IDMPhoto.h */ = {isa = PBXFileReference; fileEncoding = 4; lastKnownFileType = sourcecode.c.h; path = IDMPhoto.h; sourceTree = "<group>"; };
		89D1415D1BBBC307008044EC /* IDMPhoto.m */ = {isa = PBXFileReference; fileEncoding = 4; lastKnownFileType = sourcecode.c.objc; path = IDMPhoto.m; sourceTree = "<group>"; };
		89D1415E1BBBC307008044EC /* IDMPhotoBrowser.bundle */ = {isa = PBXFileReference; lastKnownFileType = "wrapper.plug-in"; path = IDMPhotoBrowser.bundle; sourceTree = "<group>"; };
		89D1415F1BBBC307008044EC /* IDMPhotoBrowser.h */ = {isa = PBXFileReference; fileEncoding = 4; lastKnownFileType = sourcecode.c.h; path = IDMPhotoBrowser.h; sourceTree = "<group>"; };
		89D141601BBBC307008044EC /* IDMPhotoBrowser.m */ = {isa = PBXFileReference; fileEncoding = 4; lastKnownFileType = sourcecode.c.objc; path = IDMPhotoBrowser.m; sourceTree = "<group>"; };
		89D141611BBBC307008044EC /* IDMPhotoProtocol.h */ = {isa = PBXFileReference; fileEncoding = 4; lastKnownFileType = sourcecode.c.h; path = IDMPhotoProtocol.h; sourceTree = "<group>"; };
		89D141621BBBC307008044EC /* IDMTapDetectingImageView.h */ = {isa = PBXFileReference; fileEncoding = 4; lastKnownFileType = sourcecode.c.h; path = IDMTapDetectingImageView.h; sourceTree = "<group>"; };
		89D141631BBBC307008044EC /* IDMTapDetectingImageView.m */ = {isa = PBXFileReference; fileEncoding = 4; lastKnownFileType = sourcecode.c.objc; path = IDMTapDetectingImageView.m; sourceTree = "<group>"; };
		89D141641BBBC307008044EC /* IDMTapDetectingView.h */ = {isa = PBXFileReference; fileEncoding = 4; lastKnownFileType = sourcecode.c.h; path = IDMTapDetectingView.h; sourceTree = "<group>"; };
		89D141651BBBC307008044EC /* IDMTapDetectingView.m */ = {isa = PBXFileReference; fileEncoding = 4; lastKnownFileType = sourcecode.c.objc; path = IDMTapDetectingView.m; sourceTree = "<group>"; };
		89D141661BBBC307008044EC /* IDMZoomingScrollView.h */ = {isa = PBXFileReference; fileEncoding = 4; lastKnownFileType = sourcecode.c.h; path = IDMZoomingScrollView.h; sourceTree = "<group>"; };
		89D141671BBBC307008044EC /* IDMZoomingScrollView.m */ = {isa = PBXFileReference; fileEncoding = 4; lastKnownFileType = sourcecode.c.objc; path = IDMZoomingScrollView.m; sourceTree = "<group>"; };
		AE93C1D8652336F42B07A371 /* Pods.debug.xcconfig */ = {isa = PBXFileReference; includeInIndex = 1; lastKnownFileType = text.xcconfig; name = Pods.debug.xcconfig; path = "Pods/Target Support Files/Pods/Pods.debug.xcconfig"; sourceTree = "<group>"; };
		DBEE26C8D23C72E6B47BB12E /* Pods.release.xcconfig */ = {isa = PBXFileReference; includeInIndex = 1; lastKnownFileType = text.xcconfig; name = Pods.release.xcconfig; path = "Pods/Target Support Files/Pods/Pods.release.xcconfig"; sourceTree = "<group>"; };
/* End PBXFileReference section */

/* Begin PBXFrameworksBuildPhase section */
		5B5AAEA13EB622BC21C1E69A /* Frameworks */ = {
			isa = PBXFrameworksBuildPhase;
			buildActionMask = 2147483647;
			files = (
				3E43A9E9CF8460E3F8DE4232 /* Pods.framework in Frameworks */,
			);
			runOnlyForDeploymentPostprocessing = 0;
		};
		8976D2EA1B5F4E580016408F /* Frameworks */ = {
			isa = PBXFrameworksBuildPhase;
			buildActionMask = 2147483647;
			files = (
			);
			runOnlyForDeploymentPostprocessing = 0;
		};
/* End PBXFrameworksBuildPhase section */

/* Begin PBXGroup section */
		01307157DFD32D15396C853D /* Pods */ = {
			isa = PBXGroup;
			children = (
				AE93C1D8652336F42B07A371 /* Pods.debug.xcconfig */,
				DBEE26C8D23C72E6B47BB12E /* Pods.release.xcconfig */,
			);
			name = Pods;
			sourceTree = "<group>";
		};
		8976D2CF1B5F4E570016408F = {
			isa = PBXGroup;
			children = (
				8976D2DA1B5F4E570016408F /* HoneycombViewExample */,
				8976D2F01B5F4E580016408F /* HoneycombViewExampleTests */,
				8976D2D91B5F4E570016408F /* Products */,
				CB71ECA1CE061D74980CCAAA /* Frameworks */,
				01307157DFD32D15396C853D /* Pods */,
			);
			sourceTree = "<group>";
		};
		8976D2D91B5F4E570016408F /* Products */ = {
			isa = PBXGroup;
			children = (
				8976D2D81B5F4E570016408F /* HoneycombViewExample.app */,
				8976D2ED1B5F4E580016408F /* HoneycombViewExampleTests.xctest */,
			);
			name = Products;
			sourceTree = "<group>";
		};
		8976D2DA1B5F4E570016408F /* HoneycombViewExample */ = {
			isa = PBXGroup;
			children = (
				89D141571BBBC306008044EC /* HoneycombViewExample-Bridging-Header.h */,
				89D141561BBBC2F4008044EC /* Libraries */,
				897959A91BBA9B4800781508 /* Source */,
				8976D2FD1B5F4E6B0016408F /* Controllers */,
				8976D2DD1B5F4E570016408F /* AppDelegate.swift */,
				8976D3041B5F4E8B0016408F /* Main.storyboard */,
				8976D2E41B5F4E570016408F /* Images.xcassets */,
				8976D2E61B5F4E570016408F /* LaunchScreen.xib */,
				8976D2DB1B5F4E570016408F /* Supporting Files */,
			);
			path = HoneycombViewExample;
			sourceTree = "<group>";
		};
		8976D2DB1B5F4E570016408F /* Supporting Files */ = {
			isa = PBXGroup;
			children = (
				89AC9DE91B5F80B10072EA65 /* SampleImages */,
				8976D2DC1B5F4E570016408F /* Info.plist */,
			);
			path = "Supporting Files";
			sourceTree = "<group>";
		};
		8976D2F01B5F4E580016408F /* HoneycombViewExampleTests */ = {
			isa = PBXGroup;
			children = (
				8976D2F31B5F4E580016408F /* HoneycombViewExampleTests.swift */,
				8976D2F11B5F4E580016408F /* Supporting Files */,
			);
			path = HoneycombViewExampleTests;
			sourceTree = "<group>";
		};
		8976D2F11B5F4E580016408F /* Supporting Files */ = {
			isa = PBXGroup;
			children = (
				8976D2F21B5F4E580016408F /* Info.plist */,
			);
			path = "Supporting Files";
			sourceTree = "<group>";
		};
		8976D2FD1B5F4E6B0016408F /* Controllers */ = {
			isa = PBXGroup;
			children = (
				8976D2FE1B5F4E740016408F /* FirstViewController.swift */,
			);
			path = Controllers;
			sourceTree = "<group>";
		};
		897959A91BBA9B4800781508 /* Source */ = {
			isa = PBXGroup;
			children = (
				897959AA1BBA9B5700781508 /* HoneycombView.swift */,
			);
			path = Source;
			sourceTree = "<group>";
		};
		89AC9DE91B5F80B10072EA65 /* SampleImages */ = {
			isa = PBXGroup;
			children = (
				89AC9DEA1B5F80BE0072EA65 /* image0.jpg */,
				89AC9DEB1B5F80BE0072EA65 /* image1.jpg */,
				89AC9DEC1B5F80BE0072EA65 /* image2.jpg */,
				89AC9DED1B5F80BE0072EA65 /* image3.jpg */,
				89AC9DEE1B5F80BE0072EA65 /* image4.jpg */,
				89AC9DEF1B5F80BE0072EA65 /* image5.jpg */,
				89AC9DF01B5F80BE0072EA65 /* image6.jpg */,
				89AC9DF11B5F80BE0072EA65 /* image7.jpg */,
				89AC9DF21B5F80BE0072EA65 /* image8.jpg */,
				89AC9DF31B5F80BE0072EA65 /* image9.jpg */,
				89AC9DF41B5F80BE0072EA65 /* image10.jpg */,
			);
			path = SampleImages;
			sourceTree = "<group>";
		};
		89D141561BBBC2F4008044EC /* Libraries */ = {
			isa = PBXGroup;
			children = (
				89ED477B1BBBC595002C56A7 /* IDMPhotoBrowser */,
			);
			path = Libraries;
			sourceTree = "<group>";
		};
		89ED477B1BBBC595002C56A7 /* IDMPhotoBrowser */ = {
			isa = PBXGroup;
			children = (
				89D1415B1BBBC307008044EC /* IDMPBLocalizations.bundle */,
				89D1415E1BBBC307008044EC /* IDMPhotoBrowser.bundle */,
				89D141581BBBC307008044EC /* IDMCaptionView.h */,
				89D141591BBBC307008044EC /* IDMCaptionView.m */,
				89D1415A1BBBC307008044EC /* IDMPBConstants.h */,
				89D1415C1BBBC307008044EC /* IDMPhoto.h */,
				89D1415D1BBBC307008044EC /* IDMPhoto.m */,
				89D1415F1BBBC307008044EC /* IDMPhotoBrowser.h */,
				89D141601BBBC307008044EC /* IDMPhotoBrowser.m */,
				89D141611BBBC307008044EC /* IDMPhotoProtocol.h */,
				89D141621BBBC307008044EC /* IDMTapDetectingImageView.h */,
				89D141631BBBC307008044EC /* IDMTapDetectingImageView.m */,
				89D141641BBBC307008044EC /* IDMTapDetectingView.h */,
				89D141651BBBC307008044EC /* IDMTapDetectingView.m */,
				89D141661BBBC307008044EC /* IDMZoomingScrollView.h */,
				89D141671BBBC307008044EC /* IDMZoomingScrollView.m */,
			);
			path = IDMPhotoBrowser;
			sourceTree = "<group>";
		};
		CB71ECA1CE061D74980CCAAA /* Frameworks */ = {
			isa = PBXGroup;
			children = (
				89978EB61BBCC6E3003C0160 /* pop.framework */,
				89978EB41BBCC6E0003C0160 /* DACircularProgress.framework */,
				12DF8C2F155D46B83A21303B /* Pods.framework */,
			);
			name = Frameworks;
			sourceTree = "<group>";
		};
/* End PBXGroup section */

/* Begin PBXNativeTarget section */
		8976D2D71B5F4E570016408F /* HoneycombViewExample */ = {
			isa = PBXNativeTarget;
			buildConfigurationList = 8976D2F71B5F4E580016408F /* Build configuration list for PBXNativeTarget "HoneycombViewExample" */;
			buildPhases = (
				EA404DCE49D1B3A36FB87191 /* Check Pods Manifest.lock */,
				8976D2D41B5F4E570016408F /* Sources */,
				8976D2D61B5F4E570016408F /* Resources */,
				89962E011BBA830800FE0CD6 /* Embed Frameworks */,
				5B5AAEA13EB622BC21C1E69A /* Frameworks */,
				BBED7DF8515DDF1F4BA59290 /* Embed Pods Frameworks */,
				037A0FF4AA1DCB8BCD226A3E /* Copy Pods Resources */,
			);
			buildRules = (
			);
			dependencies = (
			);
			name = HoneycombViewExample;
			productName = HoneycombViewExample;
			productReference = 8976D2D81B5F4E570016408F /* HoneycombViewExample.app */;
			productType = "com.apple.product-type.application";
		};
		8976D2EC1B5F4E580016408F /* HoneycombViewExampleTests */ = {
			isa = PBXNativeTarget;
			buildConfigurationList = 8976D2FA1B5F4E580016408F /* Build configuration list for PBXNativeTarget "HoneycombViewExampleTests" */;
			buildPhases = (
				8976D2E91B5F4E580016408F /* Sources */,
				8976D2EA1B5F4E580016408F /* Frameworks */,
				8976D2EB1B5F4E580016408F /* Resources */,
			);
			buildRules = (
			);
			dependencies = (
				8976D2EF1B5F4E580016408F /* PBXTargetDependency */,
			);
			name = HoneycombViewExampleTests;
			productName = HoneycombViewExampleTests;
			productReference = 8976D2ED1B5F4E580016408F /* HoneycombViewExampleTests.xctest */;
			productType = "com.apple.product-type.bundle.unit-test";
		};
/* End PBXNativeTarget section */

/* Begin PBXProject section */
		8976D2D01B5F4E570016408F /* Project object */ = {
			isa = PBXProject;
			attributes = {
				LastSwiftMigration = 0700;
				LastSwiftUpdateCheck = 0700;
				LastUpgradeCheck = 0640;
				ORGANIZATIONNAME = suzuki_keishi;
				TargetAttributes = {
					8976D2D71B5F4E570016408F = {
						CreatedOnToolsVersion = 6.4;
					};
					8976D2EC1B5F4E580016408F = {
						CreatedOnToolsVersion = 6.4;
						TestTargetID = 8976D2D71B5F4E570016408F;
					};
				};
			};
			buildConfigurationList = 8976D2D31B5F4E570016408F /* Build configuration list for PBXProject "HoneycombViewExample" */;
			compatibilityVersion = "Xcode 3.2";
			developmentRegion = English;
			hasScannedForEncodings = 0;
			knownRegions = (
				en,
				Base,
			);
			mainGroup = 8976D2CF1B5F4E570016408F;
			productRefGroup = 8976D2D91B5F4E570016408F /* Products */;
			projectDirPath = "";
			projectRoot = "";
			targets = (
				8976D2D71B5F4E570016408F /* HoneycombViewExample */,
				8976D2EC1B5F4E580016408F /* HoneycombViewExampleTests */,
			);
		};
/* End PBXProject section */

/* Begin PBXResourcesBuildPhase section */
		8976D2D61B5F4E570016408F /* Resources */ = {
			isa = PBXResourcesBuildPhase;
			buildActionMask = 2147483647;
			files = (
				89AC9DF91B5F80BE0072EA65 /* image4.jpg in Resources */,
				89AC9DFA1B5F80BE0072EA65 /* image5.jpg in Resources */,
				89AC9DF51B5F80BE0072EA65 /* image0.jpg in Resources */,
				89AC9DFE1B5F80BE0072EA65 /* image9.jpg in Resources */,
				89AC9DF61B5F80BE0072EA65 /* image1.jpg in Resources */,
				89AC9DFD1B5F80BE0072EA65 /* image8.jpg in Resources */,
				89D1416B1BBBC307008044EC /* IDMPhotoBrowser.bundle in Resources */,
				89AC9DFF1B5F80BE0072EA65 /* image10.jpg in Resources */,
				8976D2E81B5F4E570016408F /* LaunchScreen.xib in Resources */,
				8976D2E51B5F4E570016408F /* Images.xcassets in Resources */,
				89AC9DFB1B5F80BE0072EA65 /* image6.jpg in Resources */,
				89AC9DF71B5F80BE0072EA65 /* image2.jpg in Resources */,
				89D141691BBBC307008044EC /* IDMPBLocalizations.bundle in Resources */,
				89AC9DFC1B5F80BE0072EA65 /* image7.jpg in Resources */,
				89AC9DF81B5F80BE0072EA65 /* image3.jpg in Resources */,
				8976D3051B5F4E8B0016408F /* Main.storyboard in Resources */,
			);
			runOnlyForDeploymentPostprocessing = 0;
		};
		8976D2EB1B5F4E580016408F /* Resources */ = {
			isa = PBXResourcesBuildPhase;
			buildActionMask = 2147483647;
			files = (
			);
			runOnlyForDeploymentPostprocessing = 0;
		};
/* End PBXResourcesBuildPhase section */

/* Begin PBXShellScriptBuildPhase section */
		037A0FF4AA1DCB8BCD226A3E /* Copy Pods Resources */ = {
			isa = PBXShellScriptBuildPhase;
			buildActionMask = 2147483647;
			files = (
			);
			inputPaths = (
			);
			name = "Copy Pods Resources";
			outputPaths = (
			);
			runOnlyForDeploymentPostprocessing = 0;
			shellPath = /bin/sh;
			shellScript = "\"${SRCROOT}/Pods/Target Support Files/Pods/Pods-resources.sh\"\n";
			showEnvVarsInLog = 0;
		};
		BBED7DF8515DDF1F4BA59290 /* Embed Pods Frameworks */ = {
			isa = PBXShellScriptBuildPhase;
			buildActionMask = 2147483647;
			files = (
			);
			inputPaths = (
			);
			name = "Embed Pods Frameworks";
			outputPaths = (
			);
			runOnlyForDeploymentPostprocessing = 0;
			shellPath = /bin/sh;
			shellScript = "\"${SRCROOT}/Pods/Target Support Files/Pods/Pods-frameworks.sh\"\n";
			showEnvVarsInLog = 0;
		};
		EA404DCE49D1B3A36FB87191 /* Check Pods Manifest.lock */ = {
			isa = PBXShellScriptBuildPhase;
			buildActionMask = 2147483647;
			files = (
			);
			inputPaths = (
			);
			name = "Check Pods Manifest.lock";
			outputPaths = (
			);
			runOnlyForDeploymentPostprocessing = 0;
			shellPath = /bin/sh;
			shellScript = "diff \"${PODS_ROOT}/../Podfile.lock\" \"${PODS_ROOT}/Manifest.lock\" > /dev/null\nif [[ $? != 0 ]] ; then\n    cat << EOM\nerror: The sandbox is not in sync with the Podfile.lock. Run 'pod install' or update your CocoaPods installation.\nEOM\n    exit 1\nfi\n";
			showEnvVarsInLog = 0;
		};
/* End PBXShellScriptBuildPhase section */

/* Begin PBXSourcesBuildPhase section */
		8976D2D41B5F4E570016408F /* Sources */ = {
			isa = PBXSourcesBuildPhase;
			buildActionMask = 2147483647;
			files = (
				89D1416F1BBBC307008044EC /* IDMZoomingScrollView.m in Sources */,
				89D1416E1BBBC307008044EC /* IDMTapDetectingView.m in Sources */,
				89D1416D1BBBC307008044EC /* IDMTapDetectingImageView.m in Sources */,
				897959AB1BBA9B5700781508 /* HoneycombView.swift in Sources */,
				89D1416C1BBBC307008044EC /* IDMPhotoBrowser.m in Sources */,
				8976D3011B5F4E740016408F /* FirstViewController.swift in Sources */,
				89D1416A1BBBC307008044EC /* IDMPhoto.m in Sources */,
				8976D2DE1B5F4E570016408F /* AppDelegate.swift in Sources */,
				89D141681BBBC307008044EC /* IDMCaptionView.m in Sources */,
			);
			runOnlyForDeploymentPostprocessing = 0;
		};
		8976D2E91B5F4E580016408F /* Sources */ = {
			isa = PBXSourcesBuildPhase;
			buildActionMask = 2147483647;
			files = (
				8976D2F41B5F4E580016408F /* HoneycombViewExampleTests.swift in Sources */,
			);
			runOnlyForDeploymentPostprocessing = 0;
		};
/* End PBXSourcesBuildPhase section */

/* Begin PBXTargetDependency section */
		8976D2EF1B5F4E580016408F /* PBXTargetDependency */ = {
			isa = PBXTargetDependency;
			target = 8976D2D71B5F4E570016408F /* HoneycombViewExample */;
			targetProxy = 8976D2EE1B5F4E580016408F /* PBXContainerItemProxy */;
		};
/* End PBXTargetDependency section */

/* Begin PBXVariantGroup section */
		8976D2E61B5F4E570016408F /* LaunchScreen.xib */ = {
			isa = PBXVariantGroup;
			children = (
				8976D2E71B5F4E570016408F /* Base */,
			);
			name = LaunchScreen.xib;
			path = .;
			sourceTree = "<group>";
		};
/* End PBXVariantGroup section */

/* Begin XCBuildConfiguration section */
		8976D2F51B5F4E580016408F /* Debug */ = {
			isa = XCBuildConfiguration;
			buildSettings = {
				ALWAYS_SEARCH_USER_PATHS = NO;
				CLANG_CXX_LANGUAGE_STANDARD = "gnu++0x";
				CLANG_CXX_LIBRARY = "libc++";
				CLANG_ENABLE_MODULES = YES;
				CLANG_ENABLE_OBJC_ARC = YES;
				CLANG_WARN_BOOL_CONVERSION = YES;
				CLANG_WARN_CONSTANT_CONVERSION = YES;
				CLANG_WARN_DIRECT_OBJC_ISA_USAGE = YES_ERROR;
				CLANG_WARN_EMPTY_BODY = YES;
				CLANG_WARN_ENUM_CONVERSION = YES;
				CLANG_WARN_INT_CONVERSION = YES;
				CLANG_WARN_OBJC_ROOT_CLASS = YES_ERROR;
				CLANG_WARN_UNREACHABLE_CODE = YES;
				CLANG_WARN__DUPLICATE_METHOD_MATCH = YES;
				"CODE_SIGN_IDENTITY[sdk=iphoneos*]" = "iPhone Developer";
				COPY_PHASE_STRIP = NO;
				DEBUG_INFORMATION_FORMAT = "dwarf-with-dsym";
				ENABLE_STRICT_OBJC_MSGSEND = YES;
				GCC_C_LANGUAGE_STANDARD = gnu99;
				GCC_DYNAMIC_NO_PIC = NO;
				GCC_NO_COMMON_BLOCKS = YES;
				GCC_OPTIMIZATION_LEVEL = 0;
				GCC_PREPROCESSOR_DEFINITIONS = (
					"DEBUG=1",
					"$(inherited)",
				);
				GCC_SYMBOLS_PRIVATE_EXTERN = NO;
				GCC_WARN_64_TO_32_BIT_CONVERSION = YES;
				GCC_WARN_ABOUT_RETURN_TYPE = YES_ERROR;
				GCC_WARN_UNDECLARED_SELECTOR = YES;
				GCC_WARN_UNINITIALIZED_AUTOS = YES_AGGRESSIVE;
				GCC_WARN_UNUSED_FUNCTION = YES;
				GCC_WARN_UNUSED_VARIABLE = YES;
				IPHONEOS_DEPLOYMENT_TARGET = 8.0;
				MTL_ENABLE_DEBUG_INFO = YES;
				ONLY_ACTIVE_ARCH = YES;
				SDKROOT = iphoneos;
				SWIFT_OBJC_BRIDGING_HEADER = "";
				SWIFT_OPTIMIZATION_LEVEL = "-Onone";
				TARGETED_DEVICE_FAMILY = "1,2";
			};
			name = Debug;
		};
		8976D2F61B5F4E580016408F /* Release */ = {
			isa = XCBuildConfiguration;
			buildSettings = {
				ALWAYS_SEARCH_USER_PATHS = NO;
				CLANG_CXX_LANGUAGE_STANDARD = "gnu++0x";
				CLANG_CXX_LIBRARY = "libc++";
				CLANG_ENABLE_MODULES = YES;
				CLANG_ENABLE_OBJC_ARC = YES;
				CLANG_WARN_BOOL_CONVERSION = YES;
				CLANG_WARN_CONSTANT_CONVERSION = YES;
				CLANG_WARN_DIRECT_OBJC_ISA_USAGE = YES_ERROR;
				CLANG_WARN_EMPTY_BODY = YES;
				CLANG_WARN_ENUM_CONVERSION = YES;
				CLANG_WARN_INT_CONVERSION = YES;
				CLANG_WARN_OBJC_ROOT_CLASS = YES_ERROR;
				CLANG_WARN_UNREACHABLE_CODE = YES;
				CLANG_WARN__DUPLICATE_METHOD_MATCH = YES;
				"CODE_SIGN_IDENTITY[sdk=iphoneos*]" = "iPhone Developer";
				COPY_PHASE_STRIP = NO;
				DEBUG_INFORMATION_FORMAT = "dwarf-with-dsym";
				ENABLE_NS_ASSERTIONS = NO;
				ENABLE_STRICT_OBJC_MSGSEND = YES;
				GCC_C_LANGUAGE_STANDARD = gnu99;
				GCC_NO_COMMON_BLOCKS = YES;
				GCC_WARN_64_TO_32_BIT_CONVERSION = YES;
				GCC_WARN_ABOUT_RETURN_TYPE = YES_ERROR;
				GCC_WARN_UNDECLARED_SELECTOR = YES;
				GCC_WARN_UNINITIALIZED_AUTOS = YES_AGGRESSIVE;
				GCC_WARN_UNUSED_FUNCTION = YES;
				GCC_WARN_UNUSED_VARIABLE = YES;
				IPHONEOS_DEPLOYMENT_TARGET = 8.0;
				MTL_ENABLE_DEBUG_INFO = NO;
				SDKROOT = iphoneos;
				SWIFT_OBJC_BRIDGING_HEADER = "";
				TARGETED_DEVICE_FAMILY = "1,2";
				VALIDATE_PRODUCT = YES;
			};
			name = Release;
		};
		8976D2F81B5F4E580016408F /* Debug */ = {
			isa = XCBuildConfiguration;
			baseConfigurationReference = AE93C1D8652336F42B07A371 /* Pods.debug.xcconfig */;
			buildSettings = {
				ASSETCATALOG_COMPILER_APPICON_NAME = AppIcon;
				CLANG_ENABLE_MODULES = YES;
				EMBEDDED_CONTENT_CONTAINS_SWIFT = YES;
				FRAMEWORK_SEARCH_PATHS = (
					"$(inherited)",
					/Users/a12556/workspace/_origin/HoneycombView/Carthage/Build/iOS,
					"$(PROJECT_DIR)/build/Debug-iphoneos/Pods",
				);
				INFOPLIST_FILE = "HoneycombViewExample/Supporting Files/Info.plist";
				IPHONEOS_DEPLOYMENT_TARGET = 8.0;
				LD_RUNPATH_SEARCH_PATHS = "$(inherited) @executable_path/Frameworks";
				OTHER_CFLAGS = "$(inherited)";
				PRODUCT_NAME = "$(TARGET_NAME)";
				SWIFT_OBJC_BRIDGING_HEADER = "HoneycombViewExample/HoneycombViewExample-Bridging-Header.h";
				SWIFT_OPTIMIZATION_LEVEL = "-Onone";
			};
			name = Debug;
		};
		8976D2F91B5F4E580016408F /* Release */ = {
			isa = XCBuildConfiguration;
			baseConfigurationReference = DBEE26C8D23C72E6B47BB12E /* Pods.release.xcconfig */;
			buildSettings = {
				ASSETCATALOG_COMPILER_APPICON_NAME = AppIcon;
				CLANG_ENABLE_MODULES = YES;
				EMBEDDED_CONTENT_CONTAINS_SWIFT = YES;
				FRAMEWORK_SEARCH_PATHS = (
					"$(inherited)",
					/Users/a12556/workspace/_origin/HoneycombView/Carthage/Build/iOS,
					"$(PROJECT_DIR)/build/Debug-iphoneos/Pods",
				);
				INFOPLIST_FILE = "HoneycombViewExample/Supporting Files/Info.plist";
				IPHONEOS_DEPLOYMENT_TARGET = 8.0;
				LD_RUNPATH_SEARCH_PATHS = "$(inherited) @executable_path/Frameworks";
				OTHER_CFLAGS = "$(inherited)";
				PRODUCT_NAME = "$(TARGET_NAME)";
				SWIFT_OBJC_BRIDGING_HEADER = "HoneycombViewExample/HoneycombViewExample-Bridging-Header.h";
			};
			name = Release;
		};
		8976D2FB1B5F4E580016408F /* Debug */ = {
			isa = XCBuildConfiguration;
			buildSettings = {
				BUNDLE_LOADER = "$(TEST_HOST)";
				FRAMEWORK_SEARCH_PATHS = (
					"$(SDKROOT)/Developer/Library/Frameworks",
					"$(inherited)",
				);
				GCC_PREPROCESSOR_DEFINITIONS = (
					"DEBUG=1",
					"$(inherited)",
				);
				INFOPLIST_FILE = "HoneycombViewExampleTests/Supporting Files/Info.plist";
				LD_RUNPATH_SEARCH_PATHS = "$(inherited) @executable_path/Frameworks @loader_path/Frameworks";
				PRODUCT_NAME = "$(TARGET_NAME)";
				TEST_HOST = "$(BUILT_PRODUCTS_DIR)/HoneycombViewExample.app/HoneycombViewExample";
			};
			name = Debug;
		};
		8976D2FC1B5F4E580016408F /* Release */ = {
			isa = XCBuildConfiguration;
			buildSettings = {
				BUNDLE_LOADER = "$(TEST_HOST)";
				FRAMEWORK_SEARCH_PATHS = (
					"$(SDKROOT)/Developer/Library/Frameworks",
					"$(inherited)",
				);
				INFOPLIST_FILE = "HoneycombViewExampleTests/Supporting Files/Info.plist";
				LD_RUNPATH_SEARCH_PATHS = "$(inherited) @executable_path/Frameworks @loader_path/Frameworks";
				PRODUCT_NAME = "$(TARGET_NAME)";
				TEST_HOST = "$(BUILT_PRODUCTS_DIR)/HoneycombViewExample.app/HoneycombViewExample";
			};
			name = Release;
		};
/* End XCBuildConfiguration section */

/* Begin XCConfigurationList section */
		8976D2D31B5F4E570016408F /* Build configuration list for PBXProject "HoneycombViewExample" */ = {
			isa = XCConfigurationList;
			buildConfigurations = (
				8976D2F51B5F4E580016408F /* Debug */,
				8976D2F61B5F4E580016408F /* Release */,
			);
			defaultConfigurationIsVisible = 0;
			defaultConfigurationName = Release;
		};
		8976D2F71B5F4E580016408F /* Build configuration list for PBXNativeTarget "HoneycombViewExample" */ = {
			isa = XCConfigurationList;
			buildConfigurations = (
				8976D2F81B5F4E580016408F /* Debug */,
				8976D2F91B5F4E580016408F /* Release */,
			);
			defaultConfigurationIsVisible = 0;
			defaultConfigurationName = Release;
		};
		8976D2FA1B5F4E580016408F /* Build configuration list for PBXNativeTarget "HoneycombViewExampleTests" */ = {
			isa = XCConfigurationList;
			buildConfigurations = (
				8976D2FB1B5F4E580016408F /* Debug */,
				8976D2FC1B5F4E580016408F /* Release */,
			);
			defaultConfigurationIsVisible = 0;
			defaultConfigurationName = Release;
		};
/* End XCConfigurationList section */
	};
	rootObject = 8976D2D01B5F4E570016408F /* Project object */;
}
