<?xml version="1.0" encoding="UTF-8"?>
<!DOCTYPE plist PUBLIC "-//Apple//DTD PLIST 1.0//EN" "http://www.apple.com/DTDs/PropertyList-1.0.dtd">
<plist version="1.0">
<dict>
	<key>archiveVersion</key>
	<string>1</string>
	<key>classes</key>
	<dict/>
	<key>objectVersion</key>
	<string>46</string>
	<key>objects</key>
	<dict>
		<key>01307157DFD32D15396C853D</key>
		<dict>
			<key>children</key>
			<array>
				<string>AE93C1D8652336F42B07A371</string>
				<string>DBEE26C8D23C72E6B47BB12E</string>
			</array>
			<key>isa</key>
			<string>PBXGroup</string>
			<key>name</key>
			<string>Pods</string>
			<key>sourceTree</key>
			<string>&lt;group&gt;</string>
		</dict>
		<key>12DF8C2F155D46B83A21303B</key>
		<dict>
			<key>explicitFileType</key>
			<string>wrapper.framework</string>
			<key>includeInIndex</key>
			<string>0</string>
			<key>isa</key>
			<string>PBXFileReference</string>
			<key>path</key>
			<string>Pods.framework</string>
			<key>sourceTree</key>
			<string>BUILT_PRODUCTS_DIR</string>
		</dict>
		<key>5B5AAEA13EB622BC21C1E69A</key>
		<dict>
			<key>buildActionMask</key>
			<string>2147483647</string>
			<key>files</key>
			<array/>
			<key>isa</key>
			<string>PBXFrameworksBuildPhase</string>
			<key>runOnlyForDeploymentPostprocessing</key>
			<string>0</string>
		</dict>
		<key>8976D2CF1B5F4E570016408F</key>
		<dict>
			<key>children</key>
			<array>
				<string>8976D2DA1B5F4E570016408F</string>
				<string>8976D2F01B5F4E580016408F</string>
				<string>8976D2D91B5F4E570016408F</string>
				<string>CB71ECA1CE061D74980CCAAA</string>
				<string>01307157DFD32D15396C853D</string>
			</array>
			<key>isa</key>
			<string>PBXGroup</string>
			<key>sourceTree</key>
			<string>&lt;group&gt;</string>
		</dict>
		<key>8976D2D01B5F4E570016408F</key>
		<dict>
			<key>attributes</key>
			<dict>
				<key>LastSwiftMigration</key>
				<string>0700</string>
				<key>LastSwiftUpdateCheck</key>
				<string>0700</string>
				<key>LastUpgradeCheck</key>
				<string>0640</string>
				<key>ORGANIZATIONNAME</key>
				<string>suzuki_keishi</string>
				<key>TargetAttributes</key>
				<dict>
					<key>8976D2D71B5F4E570016408F</key>
					<dict>
						<key>CreatedOnToolsVersion</key>
						<string>6.4</string>
					</dict>
					<key>8976D2EC1B5F4E580016408F</key>
					<dict>
						<key>CreatedOnToolsVersion</key>
						<string>6.4</string>
						<key>TestTargetID</key>
						<string>8976D2D71B5F4E570016408F</string>
					</dict>
				</dict>
			</dict>
			<key>buildConfigurationList</key>
			<string>8976D2D31B5F4E570016408F</string>
			<key>compatibilityVersion</key>
			<string>Xcode 3.2</string>
			<key>developmentRegion</key>
			<string>English</string>
			<key>hasScannedForEncodings</key>
			<string>0</string>
			<key>isa</key>
			<string>PBXProject</string>
			<key>knownRegions</key>
			<array>
				<string>en</string>
				<string>Base</string>
			</array>
			<key>mainGroup</key>
			<string>8976D2CF1B5F4E570016408F</string>
			<key>productRefGroup</key>
			<string>8976D2D91B5F4E570016408F</string>
			<key>projectDirPath</key>
			<string></string>
			<key>projectReferences</key>
			<array/>
			<key>projectRoot</key>
			<string></string>
			<key>targets</key>
			<array>
				<string>8976D2D71B5F4E570016408F</string>
				<string>8976D2EC1B5F4E580016408F</string>
			</array>
		</dict>
		<key>8976D2D31B5F4E570016408F</key>
		<dict>
			<key>buildConfigurations</key>
			<array>
				<string>8976D2F51B5F4E580016408F</string>
				<string>8976D2F61B5F4E580016408F</string>
			</array>
			<key>defaultConfigurationIsVisible</key>
			<string>0</string>
			<key>defaultConfigurationName</key>
			<string>Release</string>
			<key>isa</key>
			<string>XCConfigurationList</string>
		</dict>
		<key>8976D2D41B5F4E570016408F</key>
		<dict>
			<key>buildActionMask</key>
			<string>2147483647</string>
			<key>files</key>
			<array>
				<string>89978F271BBCE756003C0160</string>
				<string>89978F2A1BBCE756003C0160</string>
				<string>89978F2B1BBCE756003C0160</string>
				<string>89D1416F1BBBC307008044EC</string>
				<string>89D1416E1BBBC307008044EC</string>
				<string>89978F221BBCE756003C0160</string>
				<string>89D1416D1BBBC307008044EC</string>
				<string>897959AB1BBA9B5700781508</string>
				<string>89978F261BBCE756003C0160</string>
				<string>89978F1C1BBCE756003C0160</string>
				<string>89D1416C1BBBC307008044EC</string>
				<string>89978F251BBCE756003C0160</string>
				<string>89978F211BBCE756003C0160</string>
				<string>89978EDF1BBCE74E003C0160</string>
				<string>89978F1B1BBCE756003C0160</string>
				<string>89978EDE1BBCE74E003C0160</string>
				<string>8976D3011B5F4E740016408F</string>
				<string>89978F201BBCE756003C0160</string>
				<string>89978F231BBCE756003C0160</string>
				<string>89978F291BBCE756003C0160</string>
				<string>89978F2C1BBCE756003C0160</string>
				<string>89978F281BBCE756003C0160</string>
				<string>89D1416A1BBBC307008044EC</string>
				<string>89978F1D1BBCE756003C0160</string>
				<string>8976D2DE1B5F4E570016408F</string>
				<string>89978F1F1BBCE756003C0160</string>
				<string>89D141681BBBC307008044EC</string>
				<string>89978F1E1BBCE756003C0160</string>
				<string>89978F241BBCE756003C0160</string>
			</array>
			<key>isa</key>
			<string>PBXSourcesBuildPhase</string>
			<key>runOnlyForDeploymentPostprocessing</key>
			<string>0</string>
		</dict>
		<key>8976D2D61B5F4E570016408F</key>
		<dict>
			<key>buildActionMask</key>
			<string>2147483647</string>
			<key>files</key>
			<array>
				<string>89AC9DF91B5F80BE0072EA65</string>
				<string>89AC9DFA1B5F80BE0072EA65</string>
				<string>89AC9DF51B5F80BE0072EA65</string>
				<string>89AC9DFE1B5F80BE0072EA65</string>
				<string>89AC9DF61B5F80BE0072EA65</string>
				<string>89AC9DFD1B5F80BE0072EA65</string>
				<string>89D1416B1BBBC307008044EC</string>
				<string>89AC9DFF1B5F80BE0072EA65</string>
				<string>8976D2E81B5F4E570016408F</string>
				<string>8976D2E51B5F4E570016408F</string>
				<string>89AC9DFB1B5F80BE0072EA65</string>
				<string>89AC9DF71B5F80BE0072EA65</string>
				<string>89D141691BBBC307008044EC</string>
				<string>89AC9DFC1B5F80BE0072EA65</string>
				<string>89AC9DF81B5F80BE0072EA65</string>
				<string>8976D3051B5F4E8B0016408F</string>
			</array>
			<key>isa</key>
			<string>PBXResourcesBuildPhase</string>
			<key>runOnlyForDeploymentPostprocessing</key>
			<string>0</string>
		</dict>
		<key>8976D2D71B5F4E570016408F</key>
		<dict>
			<key>buildConfigurationList</key>
			<string>8976D2F71B5F4E580016408F</string>
			<key>buildPhases</key>
			<array>
				<string>8976D2D41B5F4E570016408F</string>
				<string>8976D2D61B5F4E570016408F</string>
				<string>89962E011BBA830800FE0CD6</string>
				<string>5B5AAEA13EB622BC21C1E69A</string>
			</array>
			<key>buildRules</key>
			<array/>
			<key>dependencies</key>
			<array/>
			<key>isa</key>
			<string>PBXNativeTarget</string>
			<key>name</key>
			<string>HoneycombViewExample</string>
			<key>productName</key>
			<string>HoneycombViewExample</string>
			<key>productReference</key>
			<string>8976D2D81B5F4E570016408F</string>
			<key>productType</key>
			<string>com.apple.product-type.application</string>
		</dict>
		<key>8976D2D81B5F4E570016408F</key>
		<dict>
			<key>explicitFileType</key>
			<string>wrapper.application</string>
			<key>includeInIndex</key>
			<string>0</string>
			<key>isa</key>
			<string>PBXFileReference</string>
			<key>path</key>
			<string>HoneycombViewExample.app</string>
			<key>sourceTree</key>
			<string>BUILT_PRODUCTS_DIR</string>
		</dict>
		<key>8976D2D91B5F4E570016408F</key>
		<dict>
			<key>children</key>
			<array>
				<string>8976D2D81B5F4E570016408F</string>
				<string>8976D2ED1B5F4E580016408F</string>
			</array>
			<key>isa</key>
			<string>PBXGroup</string>
			<key>name</key>
			<string>Products</string>
			<key>sourceTree</key>
			<string>&lt;group&gt;</string>
		</dict>
		<key>8976D2DA1B5F4E570016408F</key>
		<dict>
			<key>children</key>
			<array>
				<string>89D141571BBBC306008044EC</string>
				<string>89D141561BBBC2F4008044EC</string>
				<string>897959A91BBA9B4800781508</string>
				<string>8976D2FD1B5F4E6B0016408F</string>
				<string>8976D2DD1B5F4E570016408F</string>
				<string>8976D3041B5F4E8B0016408F</string>
				<string>8976D2E41B5F4E570016408F</string>
				<string>8976D2E61B5F4E570016408F</string>
				<string>8976D2DB1B5F4E570016408F</string>
			</array>
			<key>isa</key>
			<string>PBXGroup</string>
			<key>path</key>
			<string>HoneycombViewExample</string>
			<key>sourceTree</key>
			<string>&lt;group&gt;</string>
		</dict>
		<key>8976D2DB1B5F4E570016408F</key>
		<dict>
			<key>children</key>
			<array>
				<string>89AC9DE91B5F80B10072EA65</string>
				<string>8976D2DC1B5F4E570016408F</string>
			</array>
			<key>isa</key>
			<string>PBXGroup</string>
			<key>path</key>
			<string>Supporting Files</string>
			<key>sourceTree</key>
			<string>&lt;group&gt;</string>
		</dict>
		<key>8976D2DC1B5F4E570016408F</key>
		<dict>
			<key>isa</key>
			<string>PBXFileReference</string>
			<key>lastKnownFileType</key>
			<string>text.plist.xml</string>
			<key>path</key>
			<string>Info.plist</string>
			<key>sourceTree</key>
			<string>&lt;group&gt;</string>
		</dict>
		<key>8976D2DD1B5F4E570016408F</key>
		<dict>
			<key>isa</key>
			<string>PBXFileReference</string>
			<key>lastKnownFileType</key>
			<string>sourcecode.swift</string>
			<key>path</key>
			<string>AppDelegate.swift</string>
			<key>sourceTree</key>
			<string>&lt;group&gt;</string>
		</dict>
		<key>8976D2DE1B5F4E570016408F</key>
		<dict>
			<key>fileRef</key>
			<string>8976D2DD1B5F4E570016408F</string>
			<key>isa</key>
			<string>PBXBuildFile</string>
		</dict>
		<key>8976D2E41B5F4E570016408F</key>
		<dict>
			<key>isa</key>
			<string>PBXFileReference</string>
			<key>lastKnownFileType</key>
			<string>folder.assetcatalog</string>
			<key>path</key>
			<string>Images.xcassets</string>
			<key>sourceTree</key>
			<string>&lt;group&gt;</string>
		</dict>
		<key>8976D2E51B5F4E570016408F</key>
		<dict>
			<key>fileRef</key>
			<string>8976D2E41B5F4E570016408F</string>
			<key>isa</key>
			<string>PBXBuildFile</string>
		</dict>
		<key>8976D2E61B5F4E570016408F</key>
		<dict>
			<key>children</key>
			<array>
				<string>8976D2E71B5F4E570016408F</string>
			</array>
			<key>isa</key>
			<string>PBXVariantGroup</string>
			<key>name</key>
			<string>LaunchScreen.xib</string>
			<key>path</key>
			<string>.</string>
			<key>sourceTree</key>
			<string>&lt;group&gt;</string>
		</dict>
		<key>8976D2E71B5F4E570016408F</key>
		<dict>
			<key>isa</key>
			<string>PBXFileReference</string>
			<key>lastKnownFileType</key>
			<string>file.xib</string>
			<key>name</key>
			<string>Base</string>
			<key>path</key>
			<string>Base.lproj/LaunchScreen.xib</string>
			<key>sourceTree</key>
			<string>&lt;group&gt;</string>
		</dict>
		<key>8976D2E81B5F4E570016408F</key>
		<dict>
			<key>fileRef</key>
			<string>8976D2E61B5F4E570016408F</string>
			<key>isa</key>
			<string>PBXBuildFile</string>
		</dict>
		<key>8976D2E91B5F4E580016408F</key>
		<dict>
			<key>buildActionMask</key>
			<string>2147483647</string>
			<key>files</key>
			<array>
				<string>8976D2F41B5F4E580016408F</string>
			</array>
			<key>isa</key>
			<string>PBXSourcesBuildPhase</string>
			<key>runOnlyForDeploymentPostprocessing</key>
			<string>0</string>
		</dict>
		<key>8976D2EA1B5F4E580016408F</key>
		<dict>
			<key>buildActionMask</key>
			<string>2147483647</string>
			<key>files</key>
			<array/>
			<key>isa</key>
			<string>PBXFrameworksBuildPhase</string>
			<key>runOnlyForDeploymentPostprocessing</key>
			<string>0</string>
		</dict>
		<key>8976D2EB1B5F4E580016408F</key>
		<dict>
			<key>buildActionMask</key>
			<string>2147483647</string>
			<key>files</key>
			<array/>
			<key>isa</key>
			<string>PBXResourcesBuildPhase</string>
			<key>runOnlyForDeploymentPostprocessing</key>
			<string>0</string>
		</dict>
		<key>8976D2EC1B5F4E580016408F</key>
		<dict>
			<key>buildConfigurationList</key>
			<string>8976D2FA1B5F4E580016408F</string>
			<key>buildPhases</key>
			<array>
				<string>8976D2E91B5F4E580016408F</string>
				<string>8976D2EA1B5F4E580016408F</string>
				<string>8976D2EB1B5F4E580016408F</string>
			</array>
			<key>buildRules</key>
			<array/>
			<key>dependencies</key>
			<array>
				<string>8976D2EF1B5F4E580016408F</string>
			</array>
			<key>isa</key>
			<string>PBXNativeTarget</string>
			<key>name</key>
			<string>HoneycombViewExampleTests</string>
			<key>productName</key>
			<string>HoneycombViewExampleTests</string>
			<key>productReference</key>
			<string>8976D2ED1B5F4E580016408F</string>
			<key>productType</key>
			<string>com.apple.product-type.bundle.unit-test</string>
		</dict>
		<key>8976D2ED1B5F4E580016408F</key>
		<dict>
			<key>explicitFileType</key>
			<string>wrapper.cfbundle</string>
			<key>includeInIndex</key>
			<string>0</string>
			<key>isa</key>
			<string>PBXFileReference</string>
			<key>path</key>
			<string>HoneycombViewExampleTests.xctest</string>
			<key>sourceTree</key>
			<string>BUILT_PRODUCTS_DIR</string>
		</dict>
		<key>8976D2EE1B5F4E580016408F</key>
		<dict>
			<key>containerPortal</key>
			<string>8976D2D01B5F4E570016408F</string>
			<key>isa</key>
			<string>PBXContainerItemProxy</string>
			<key>proxyType</key>
			<string>1</string>
			<key>remoteGlobalIDString</key>
			<string>8976D2D71B5F4E570016408F</string>
			<key>remoteInfo</key>
			<string>HoneycombViewExample</string>
		</dict>
		<key>8976D2EF1B5F4E580016408F</key>
		<dict>
			<key>isa</key>
			<string>PBXTargetDependency</string>
			<key>target</key>
			<string>8976D2D71B5F4E570016408F</string>
			<key>targetProxy</key>
			<string>8976D2EE1B5F4E580016408F</string>
		</dict>
		<key>8976D2F01B5F4E580016408F</key>
		<dict>
			<key>children</key>
			<array>
				<string>8976D2F31B5F4E580016408F</string>
				<string>8976D2F11B5F4E580016408F</string>
			</array>
			<key>isa</key>
			<string>PBXGroup</string>
			<key>path</key>
			<string>HoneycombViewExampleTests</string>
			<key>sourceTree</key>
			<string>&lt;group&gt;</string>
		</dict>
		<key>8976D2F11B5F4E580016408F</key>
		<dict>
			<key>children</key>
			<array>
				<string>8976D2F21B5F4E580016408F</string>
			</array>
			<key>isa</key>
			<string>PBXGroup</string>
			<key>path</key>
			<string>Supporting Files</string>
			<key>sourceTree</key>
			<string>&lt;group&gt;</string>
		</dict>
		<key>8976D2F21B5F4E580016408F</key>
		<dict>
			<key>isa</key>
			<string>PBXFileReference</string>
			<key>lastKnownFileType</key>
			<string>text.plist.xml</string>
			<key>path</key>
			<string>Info.plist</string>
			<key>sourceTree</key>
			<string>&lt;group&gt;</string>
		</dict>
		<key>8976D2F31B5F4E580016408F</key>
		<dict>
			<key>isa</key>
			<string>PBXFileReference</string>
			<key>lastKnownFileType</key>
			<string>sourcecode.swift</string>
			<key>path</key>
			<string>HoneycombViewExampleTests.swift</string>
			<key>sourceTree</key>
			<string>&lt;group&gt;</string>
		</dict>
		<key>8976D2F41B5F4E580016408F</key>
		<dict>
			<key>fileRef</key>
			<string>8976D2F31B5F4E580016408F</string>
			<key>isa</key>
			<string>PBXBuildFile</string>
		</dict>
		<key>8976D2F51B5F4E580016408F</key>
		<dict>
			<key>buildSettings</key>
			<dict>
				<key>ALWAYS_SEARCH_USER_PATHS</key>
				<string>NO</string>
				<key>CLANG_CXX_LANGUAGE_STANDARD</key>
				<string>gnu++0x</string>
				<key>CLANG_CXX_LIBRARY</key>
				<string>libc++</string>
				<key>CLANG_ENABLE_MODULES</key>
				<string>YES</string>
				<key>CLANG_ENABLE_OBJC_ARC</key>
				<string>YES</string>
				<key>CLANG_WARN_BOOL_CONVERSION</key>
				<string>YES</string>
				<key>CLANG_WARN_CONSTANT_CONVERSION</key>
				<string>YES</string>
				<key>CLANG_WARN_DIRECT_OBJC_ISA_USAGE</key>
				<string>YES_ERROR</string>
				<key>CLANG_WARN_EMPTY_BODY</key>
				<string>YES</string>
				<key>CLANG_WARN_ENUM_CONVERSION</key>
				<string>YES</string>
				<key>CLANG_WARN_INT_CONVERSION</key>
				<string>YES</string>
				<key>CLANG_WARN_OBJC_ROOT_CLASS</key>
				<string>YES_ERROR</string>
				<key>CLANG_WARN_UNREACHABLE_CODE</key>
				<string>YES</string>
				<key>CLANG_WARN__DUPLICATE_METHOD_MATCH</key>
				<string>YES</string>
				<key>CODE_SIGN_IDENTITY[sdk=iphoneos*]</key>
				<string>iPhone Developer</string>
				<key>COPY_PHASE_STRIP</key>
				<string>NO</string>
				<key>DEBUG_INFORMATION_FORMAT</key>
				<string>dwarf-with-dsym</string>
				<key>ENABLE_STRICT_OBJC_MSGSEND</key>
				<string>YES</string>
				<key>GCC_C_LANGUAGE_STANDARD</key>
				<string>gnu99</string>
				<key>GCC_DYNAMIC_NO_PIC</key>
				<string>NO</string>
				<key>GCC_NO_COMMON_BLOCKS</key>
				<string>YES</string>
				<key>GCC_OPTIMIZATION_LEVEL</key>
				<string>0</string>
				<key>GCC_PREPROCESSOR_DEFINITIONS</key>
				<array>
					<string>DEBUG=1</string>
					<string>$(inherited)</string>
				</array>
				<key>GCC_SYMBOLS_PRIVATE_EXTERN</key>
				<string>NO</string>
				<key>GCC_WARN_64_TO_32_BIT_CONVERSION</key>
				<string>YES</string>
				<key>GCC_WARN_ABOUT_RETURN_TYPE</key>
				<string>YES_ERROR</string>
				<key>GCC_WARN_UNDECLARED_SELECTOR</key>
				<string>YES</string>
				<key>GCC_WARN_UNINITIALIZED_AUTOS</key>
				<string>YES_AGGRESSIVE</string>
				<key>GCC_WARN_UNUSED_FUNCTION</key>
				<string>YES</string>
				<key>GCC_WARN_UNUSED_VARIABLE</key>
				<string>YES</string>
				<key>IPHONEOS_DEPLOYMENT_TARGET</key>
				<string>8.0</string>
				<key>MTL_ENABLE_DEBUG_INFO</key>
				<string>YES</string>
				<key>ONLY_ACTIVE_ARCH</key>
				<string>YES</string>
				<key>SDKROOT</key>
				<string>iphoneos</string>
				<key>SWIFT_OBJC_BRIDGING_HEADER</key>
				<string></string>
				<key>SWIFT_OPTIMIZATION_LEVEL</key>
				<string>-Onone</string>
				<key>TARGETED_DEVICE_FAMILY</key>
				<string>1,2</string>
			</dict>
			<key>isa</key>
			<string>XCBuildConfiguration</string>
			<key>name</key>
			<string>Debug</string>
		</dict>
		<key>8976D2F61B5F4E580016408F</key>
		<dict>
			<key>buildSettings</key>
			<dict>
				<key>ALWAYS_SEARCH_USER_PATHS</key>
				<string>NO</string>
				<key>CLANG_CXX_LANGUAGE_STANDARD</key>
				<string>gnu++0x</string>
				<key>CLANG_CXX_LIBRARY</key>
				<string>libc++</string>
				<key>CLANG_ENABLE_MODULES</key>
				<string>YES</string>
				<key>CLANG_ENABLE_OBJC_ARC</key>
				<string>YES</string>
				<key>CLANG_WARN_BOOL_CONVERSION</key>
				<string>YES</string>
				<key>CLANG_WARN_CONSTANT_CONVERSION</key>
				<string>YES</string>
				<key>CLANG_WARN_DIRECT_OBJC_ISA_USAGE</key>
				<string>YES_ERROR</string>
				<key>CLANG_WARN_EMPTY_BODY</key>
				<string>YES</string>
				<key>CLANG_WARN_ENUM_CONVERSION</key>
				<string>YES</string>
				<key>CLANG_WARN_INT_CONVERSION</key>
				<string>YES</string>
				<key>CLANG_WARN_OBJC_ROOT_CLASS</key>
				<string>YES_ERROR</string>
				<key>CLANG_WARN_UNREACHABLE_CODE</key>
				<string>YES</string>
				<key>CLANG_WARN__DUPLICATE_METHOD_MATCH</key>
				<string>YES</string>
				<key>CODE_SIGN_IDENTITY[sdk=iphoneos*]</key>
				<string>iPhone Developer</string>
				<key>COPY_PHASE_STRIP</key>
				<string>NO</string>
				<key>DEBUG_INFORMATION_FORMAT</key>
				<string>dwarf-with-dsym</string>
				<key>ENABLE_NS_ASSERTIONS</key>
				<string>NO</string>
				<key>ENABLE_STRICT_OBJC_MSGSEND</key>
				<string>YES</string>
				<key>GCC_C_LANGUAGE_STANDARD</key>
				<string>gnu99</string>
				<key>GCC_NO_COMMON_BLOCKS</key>
				<string>YES</string>
				<key>GCC_WARN_64_TO_32_BIT_CONVERSION</key>
				<string>YES</string>
				<key>GCC_WARN_ABOUT_RETURN_TYPE</key>
				<string>YES_ERROR</string>
				<key>GCC_WARN_UNDECLARED_SELECTOR</key>
				<string>YES</string>
				<key>GCC_WARN_UNINITIALIZED_AUTOS</key>
				<string>YES_AGGRESSIVE</string>
				<key>GCC_WARN_UNUSED_FUNCTION</key>
				<string>YES</string>
				<key>GCC_WARN_UNUSED_VARIABLE</key>
				<string>YES</string>
				<key>IPHONEOS_DEPLOYMENT_TARGET</key>
				<string>8.0</string>
				<key>MTL_ENABLE_DEBUG_INFO</key>
				<string>NO</string>
				<key>SDKROOT</key>
				<string>iphoneos</string>
				<key>SWIFT_OBJC_BRIDGING_HEADER</key>
				<string></string>
				<key>TARGETED_DEVICE_FAMILY</key>
				<string>1,2</string>
				<key>VALIDATE_PRODUCT</key>
				<string>YES</string>
			</dict>
			<key>isa</key>
			<string>XCBuildConfiguration</string>
			<key>name</key>
			<string>Release</string>
		</dict>
		<key>8976D2F71B5F4E580016408F</key>
		<dict>
			<key>buildConfigurations</key>
			<array>
				<string>8976D2F81B5F4E580016408F</string>
				<string>8976D2F91B5F4E580016408F</string>
			</array>
			<key>defaultConfigurationIsVisible</key>
			<string>0</string>
			<key>defaultConfigurationName</key>
			<string>Release</string>
			<key>isa</key>
			<string>XCConfigurationList</string>
		</dict>
		<key>8976D2F81B5F4E580016408F</key>
		<dict>
			<key>baseConfigurationReference</key>
			<string>AE93C1D8652336F42B07A371</string>
			<key>buildSettings</key>
			<dict>
				<key>ASSETCATALOG_COMPILER_APPICON_NAME</key>
				<string>AppIcon</string>
				<key>CLANG_ENABLE_MODULES</key>
				<string>YES</string>
				<key>EMBEDDED_CONTENT_CONTAINS_SWIFT</key>
				<string>YES</string>
				<key>FRAMEWORK_SEARCH_PATHS</key>
				<array>
					<string>$(inherited)</string>
					<string>/Users/a12556/workspace/_origin/HoneycombView/Carthage/Build/iOS</string>
					<string>$(PROJECT_DIR)/build/Debug-iphoneos/Pods</string>
				</array>
				<key>INFOPLIST_FILE</key>
				<string>HoneycombViewExample/Supporting Files/Info.plist</string>
				<key>IPHONEOS_DEPLOYMENT_TARGET</key>
				<string>8.0</string>
				<key>LD_RUNPATH_SEARCH_PATHS</key>
				<string>$(inherited) @executable_path/Frameworks</string>
				<key>OTHER_CFLAGS</key>
				<string>$(inherited)</string>
				<key>PRODUCT_NAME</key>
				<string>$(TARGET_NAME)</string>
				<key>SWIFT_OBJC_BRIDGING_HEADER</key>
				<string>HoneycombViewExample/HoneycombViewExample-Bridging-Header.h</string>
				<key>SWIFT_OPTIMIZATION_LEVEL</key>
				<string>-Onone</string>
			</dict>
			<key>isa</key>
			<string>XCBuildConfiguration</string>
			<key>name</key>
			<string>Debug</string>
		</dict>
		<key>8976D2F91B5F4E580016408F</key>
		<dict>
			<key>baseConfigurationReference</key>
			<string>DBEE26C8D23C72E6B47BB12E</string>
			<key>buildSettings</key>
			<dict>
				<key>ASSETCATALOG_COMPILER_APPICON_NAME</key>
				<string>AppIcon</string>
				<key>CLANG_ENABLE_MODULES</key>
				<string>YES</string>
				<key>EMBEDDED_CONTENT_CONTAINS_SWIFT</key>
				<string>YES</string>
				<key>FRAMEWORK_SEARCH_PATHS</key>
				<array>
					<string>$(inherited)</string>
					<string>/Users/a12556/workspace/_origin/HoneycombView/Carthage/Build/iOS</string>
					<string>$(PROJECT_DIR)/build/Debug-iphoneos/Pods</string>
				</array>
				<key>INFOPLIST_FILE</key>
				<string>HoneycombViewExample/Supporting Files/Info.plist</string>
				<key>IPHONEOS_DEPLOYMENT_TARGET</key>
				<string>8.0</string>
				<key>LD_RUNPATH_SEARCH_PATHS</key>
				<string>$(inherited) @executable_path/Frameworks</string>
				<key>OTHER_CFLAGS</key>
				<string>$(inherited)</string>
				<key>PRODUCT_NAME</key>
				<string>$(TARGET_NAME)</string>
				<key>SWIFT_OBJC_BRIDGING_HEADER</key>
				<string>HoneycombViewExample/HoneycombViewExample-Bridging-Header.h</string>
			</dict>
			<key>isa</key>
			<string>XCBuildConfiguration</string>
			<key>name</key>
			<string>Release</string>
		</dict>
		<key>8976D2FA1B5F4E580016408F</key>
		<dict>
			<key>buildConfigurations</key>
			<array>
				<string>8976D2FB1B5F4E580016408F</string>
				<string>8976D2FC1B5F4E580016408F</string>
			</array>
			<key>defaultConfigurationIsVisible</key>
			<string>0</string>
			<key>defaultConfigurationName</key>
			<string>Release</string>
			<key>isa</key>
			<string>XCConfigurationList</string>
		</dict>
		<key>8976D2FB1B5F4E580016408F</key>
		<dict>
			<key>buildSettings</key>
			<dict>
				<key>BUNDLE_LOADER</key>
				<string>$(TEST_HOST)</string>
				<key>FRAMEWORK_SEARCH_PATHS</key>
				<array>
					<string>$(SDKROOT)/Developer/Library/Frameworks</string>
					<string>$(inherited)</string>
				</array>
				<key>GCC_PREPROCESSOR_DEFINITIONS</key>
				<array>
					<string>DEBUG=1</string>
					<string>$(inherited)</string>
				</array>
				<key>INFOPLIST_FILE</key>
				<string>HoneycombViewExampleTests/Supporting Files/Info.plist</string>
				<key>LD_RUNPATH_SEARCH_PATHS</key>
				<string>$(inherited) @executable_path/Frameworks @loader_path/Frameworks</string>
				<key>PRODUCT_NAME</key>
				<string>$(TARGET_NAME)</string>
				<key>TEST_HOST</key>
				<string>$(BUILT_PRODUCTS_DIR)/HoneycombViewExample.app/HoneycombViewExample</string>
			</dict>
			<key>isa</key>
			<string>XCBuildConfiguration</string>
			<key>name</key>
			<string>Debug</string>
		</dict>
		<key>8976D2FC1B5F4E580016408F</key>
		<dict>
			<key>buildSettings</key>
			<dict>
				<key>BUNDLE_LOADER</key>
				<string>$(TEST_HOST)</string>
				<key>FRAMEWORK_SEARCH_PATHS</key>
				<array>
					<string>$(SDKROOT)/Developer/Library/Frameworks</string>
					<string>$(inherited)</string>
				</array>
				<key>INFOPLIST_FILE</key>
				<string>HoneycombViewExampleTests/Supporting Files/Info.plist</string>
				<key>LD_RUNPATH_SEARCH_PATHS</key>
				<string>$(inherited) @executable_path/Frameworks @loader_path/Frameworks</string>
				<key>PRODUCT_NAME</key>
				<string>$(TARGET_NAME)</string>
				<key>TEST_HOST</key>
				<string>$(BUILT_PRODUCTS_DIR)/HoneycombViewExample.app/HoneycombViewExample</string>
			</dict>
			<key>isa</key>
			<string>XCBuildConfiguration</string>
			<key>name</key>
			<string>Release</string>
		</dict>
		<key>8976D2FD1B5F4E6B0016408F</key>
		<dict>
			<key>children</key>
			<array>
				<string>8976D2FE1B5F4E740016408F</string>
			</array>
			<key>isa</key>
			<string>PBXGroup</string>
			<key>path</key>
			<string>Controllers</string>
			<key>sourceTree</key>
			<string>&lt;group&gt;</string>
		</dict>
		<key>8976D2FE1B5F4E740016408F</key>
		<dict>
			<key>fileEncoding</key>
			<string>4</string>
			<key>isa</key>
			<string>PBXFileReference</string>
			<key>lastKnownFileType</key>
			<string>sourcecode.swift</string>
			<key>path</key>
			<string>FirstViewController.swift</string>
			<key>sourceTree</key>
			<string>&lt;group&gt;</string>
		</dict>
		<key>8976D3011B5F4E740016408F</key>
		<dict>
			<key>fileRef</key>
			<string>8976D2FE1B5F4E740016408F</string>
			<key>isa</key>
			<string>PBXBuildFile</string>
		</dict>
		<key>8976D3041B5F4E8B0016408F</key>
		<dict>
			<key>fileEncoding</key>
			<string>4</string>
			<key>isa</key>
			<string>PBXFileReference</string>
			<key>lastKnownFileType</key>
			<string>file.storyboard</string>
			<key>path</key>
			<string>Main.storyboard</string>
			<key>sourceTree</key>
			<string>&lt;group&gt;</string>
		</dict>
		<key>8976D3051B5F4E8B0016408F</key>
		<dict>
			<key>fileRef</key>
			<string>8976D3041B5F4E8B0016408F</string>
			<key>isa</key>
			<string>PBXBuildFile</string>
		</dict>
		<key>897959A91BBA9B4800781508</key>
		<dict>
			<key>children</key>
			<array>
				<string>897959AA1BBA9B5700781508</string>
			</array>
			<key>isa</key>
			<string>PBXGroup</string>
			<key>path</key>
			<string>Source</string>
			<key>sourceTree</key>
			<string>&lt;group&gt;</string>
		</dict>
		<key>897959AA1BBA9B5700781508</key>
		<dict>
			<key>fileEncoding</key>
			<string>4</string>
			<key>isa</key>
			<string>PBXFileReference</string>
			<key>lastKnownFileType</key>
			<string>sourcecode.swift</string>
			<key>path</key>
			<string>HoneycombView.swift</string>
			<key>sourceTree</key>
			<string>&lt;group&gt;</string>
		</dict>
		<key>897959AB1BBA9B5700781508</key>
		<dict>
			<key>fileRef</key>
			<string>897959AA1BBA9B5700781508</string>
			<key>isa</key>
			<string>PBXBuildFile</string>
			<key>settings</key>
			<dict>
				<key>ASSET_TAGS</key>
				<array/>
			</dict>
		</dict>
		<key>89962E011BBA830800FE0CD6</key>
		<dict>
			<key>buildActionMask</key>
			<string>2147483647</string>
			<key>dstPath</key>
			<string></string>
			<key>dstSubfolderSpec</key>
			<string>10</string>
			<key>files</key>
			<array/>
			<key>isa</key>
			<string>PBXCopyFilesBuildPhase</string>
			<key>name</key>
			<string>Embed Frameworks</string>
			<key>runOnlyForDeploymentPostprocessing</key>
			<string>0</string>
		</dict>
		<key>89978EB41BBCC6E0003C0160</key>
		<dict>
			<key>isa</key>
			<string>PBXFileReference</string>
			<key>lastKnownFileType</key>
			<string>wrapper.framework</string>
			<key>name</key>
			<string>DACircularProgress.framework</string>
			<key>path</key>
			<string>Pods/../build/Debug-iphoneos/Pods/DACircularProgress.framework</string>
			<key>sourceTree</key>
			<string>&lt;group&gt;</string>
		</dict>
		<key>89978EB61BBCC6E3003C0160</key>
		<dict>
			<key>isa</key>
			<string>PBXFileReference</string>
			<key>lastKnownFileType</key>
			<string>wrapper.framework</string>
			<key>name</key>
			<string>pop.framework</string>
			<key>path</key>
			<string>Pods/../build/Debug-iphoneos/Pods/pop.framework</string>
			<key>sourceTree</key>
			<string>&lt;group&gt;</string>
		</dict>
		<key>89978ED71BBCE74E003C0160</key>
		<dict>
			<key>children</key>
			<array>
				<string>89978ED81BBCE74E003C0160</string>
				<string>89978ED91BBCE74E003C0160</string>
				<string>89978EDA1BBCE74E003C0160</string>
				<string>89978EDB1BBCE74E003C0160</string>
			</array>
			<key>isa</key>
			<string>PBXGroup</string>
			<key>name</key>
			<string>DACircularProgress</string>
			<key>path</key>
			<string>DACircularProgress</string>
			<key>sourceTree</key>
			<string>&lt;group&gt;</string>
		</dict>
		<key>89978ED81BBCE74E003C0160</key>
		<dict>
			<key>fileEncoding</key>
			<string>4</string>
			<key>isa</key>
			<string>PBXFileReference</string>
			<key>lastKnownFileType</key>
			<string>sourcecode.c.h</string>
			<key>path</key>
			<string>DACircularProgressView.h</string>
			<key>sourceTree</key>
			<string>&lt;group&gt;</string>
		</dict>
		<key>89978ED91BBCE74E003C0160</key>
		<dict>
			<key>fileEncoding</key>
			<string>4</string>
			<key>isa</key>
			<string>PBXFileReference</string>
			<key>lastKnownFileType</key>
			<string>sourcecode.c.objc</string>
			<key>path</key>
			<string>DACircularProgressView.m</string>
			<key>sourceTree</key>
			<string>&lt;group&gt;</string>
		</dict>
		<key>89978EDA1BBCE74E003C0160</key>
		<dict>
			<key>fileEncoding</key>
			<string>4</string>
			<key>isa</key>
			<string>PBXFileReference</string>
			<key>lastKnownFileType</key>
			<string>sourcecode.c.h</string>
			<key>path</key>
			<string>DALabeledCircularProgressView.h</string>
			<key>sourceTree</key>
			<string>&lt;group&gt;</string>
		</dict>
		<key>89978EDB1BBCE74E003C0160</key>
		<dict>
			<key>fileEncoding</key>
			<string>4</string>
			<key>isa</key>
			<string>PBXFileReference</string>
			<key>lastKnownFileType</key>
			<string>sourcecode.c.objc</string>
			<key>path</key>
			<string>DALabeledCircularProgressView.m</string>
			<key>sourceTree</key>
			<string>&lt;group&gt;</string>
		</dict>
		<key>89978EDE1BBCE74E003C0160</key>
		<dict>
			<key>fileRef</key>
			<string>89978ED91BBCE74E003C0160</string>
			<key>isa</key>
			<string>PBXBuildFile</string>
			<key>settings</key>
			<dict>
				<key>ASSET_TAGS</key>
				<array/>
			</dict>
		</dict>
		<key>89978EDF1BBCE74E003C0160</key>
		<dict>
			<key>fileRef</key>
			<string>89978EDB1BBCE74E003C0160</string>
			<key>isa</key>
			<string>PBXBuildFile</string>
			<key>settings</key>
			<dict>
				<key>ASSET_TAGS</key>
				<array/>
			</dict>
		</dict>
		<key>89978EE41BBCE756003C0160</key>
		<dict>
			<key>children</key>
			<array>
				<string>89978EE51BBCE756003C0160</string>
				<string>89978EE61BBCE756003C0160</string>
				<string>89978EE71BBCE756003C0160</string>
				<string>89978EE81BBCE756003C0160</string>
				<string>89978EE91BBCE756003C0160</string>
				<string>89978EEA1BBCE756003C0160</string>
				<string>89978EEB1BBCE756003C0160</string>
				<string>89978EEC1BBCE756003C0160</string>
				<string>89978EED1BBCE756003C0160</string>
				<string>89978EEE1BBCE756003C0160</string>
				<string>89978EEF1BBCE756003C0160</string>
				<string>89978EF01BBCE756003C0160</string>
				<string>89978EF11BBCE756003C0160</string>
				<string>89978EF21BBCE756003C0160</string>
				<string>89978EF31BBCE756003C0160</string>
				<string>89978EF41BBCE756003C0160</string>
				<string>89978EF51BBCE756003C0160</string>
				<string>89978EF61BBCE756003C0160</string>
				<string>89978EF71BBCE756003C0160</string>
				<string>89978EF81BBCE756003C0160</string>
				<string>89978EF91BBCE756003C0160</string>
				<string>89978EFA1BBCE756003C0160</string>
				<string>89978EFB1BBCE756003C0160</string>
				<string>89978EFC1BBCE756003C0160</string>
				<string>89978EFD1BBCE756003C0160</string>
				<string>89978EFE1BBCE756003C0160</string>
				<string>89978EFF1BBCE756003C0160</string>
				<string>89978F001BBCE756003C0160</string>
				<string>89978F011BBCE756003C0160</string>
				<string>89978F021BBCE756003C0160</string>
				<string>89978F031BBCE756003C0160</string>
				<string>89978F041BBCE756003C0160</string>
				<string>89978F051BBCE756003C0160</string>
				<string>89978F061BBCE756003C0160</string>
				<string>89978F071BBCE756003C0160</string>
				<string>89978F081BBCE756003C0160</string>
				<string>89978F091BBCE756003C0160</string>
				<string>89978F0A1BBCE756003C0160</string>
				<string>89978F0B1BBCE756003C0160</string>
				<string>89978F0C1BBCE756003C0160</string>
				<string>89978F0D1BBCE756003C0160</string>
				<string>89978F0E1BBCE756003C0160</string>
				<string>89978F0F1BBCE756003C0160</string>
				<string>89978F101BBCE756003C0160</string>
				<string>89978F111BBCE756003C0160</string>
				<string>89978F121BBCE756003C0160</string>
				<string>89978F131BBCE756003C0160</string>
				<string>89978F141BBCE756003C0160</string>
			</array>
			<key>isa</key>
			<string>PBXGroup</string>
			<key>name</key>
			<string>pop</string>
			<key>path</key>
			<string>pop</string>
			<key>sourceTree</key>
			<string>&lt;group&gt;</string>
		</dict>
		<key>89978EE51BBCE756003C0160</key>
		<dict>
			<key>fileEncoding</key>
			<string>4</string>
			<key>isa</key>
			<string>PBXFileReference</string>
			<key>lastKnownFileType</key>
			<string>sourcecode.c.h</string>
			<key>path</key>
			<string>POP.h</string>
			<key>sourceTree</key>
			<string>&lt;group&gt;</string>
		</dict>
		<key>89978EE61BBCE756003C0160</key>
		<dict>
			<key>fileEncoding</key>
			<string>4</string>
			<key>isa</key>
			<string>PBXFileReference</string>
			<key>lastKnownFileType</key>
			<string>sourcecode.c.h</string>
			<key>path</key>
			<string>POPAction.h</string>
			<key>sourceTree</key>
			<string>&lt;group&gt;</string>
		</dict>
		<key>89978EE71BBCE756003C0160</key>
		<dict>
			<key>fileEncoding</key>
			<string>4</string>
			<key>isa</key>
			<string>PBXFileReference</string>
			<key>lastKnownFileType</key>
			<string>sourcecode.c.h</string>
			<key>path</key>
			<string>POPAnimatableProperty.h</string>
			<key>sourceTree</key>
			<string>&lt;group&gt;</string>
		</dict>
		<key>89978EE81BBCE756003C0160</key>
		<dict>
			<key>fileEncoding</key>
			<string>4</string>
			<key>isa</key>
			<string>PBXFileReference</string>
			<key>lastKnownFileType</key>
			<string>sourcecode.cpp.objcpp</string>
			<key>path</key>
			<string>POPAnimatableProperty.mm</string>
			<key>sourceTree</key>
			<string>&lt;group&gt;</string>
		</dict>
		<key>89978EE91BBCE756003C0160</key>
		<dict>
			<key>fileEncoding</key>
			<string>4</string>
			<key>isa</key>
			<string>PBXFileReference</string>
			<key>lastKnownFileType</key>
			<string>sourcecode.c.h</string>
			<key>lineEnding</key>
			<string>0</string>
			<key>path</key>
			<string>POPAnimation.h</string>
			<key>sourceTree</key>
			<string>&lt;group&gt;</string>
			<key>xcLanguageSpecificationIdentifier</key>
			<string>xcode.lang.objcpp</string>
		</dict>
		<key>89978EEA1BBCE756003C0160</key>
		<dict>
			<key>fileEncoding</key>
			<string>4</string>
			<key>isa</key>
			<string>PBXFileReference</string>
			<key>lastKnownFileType</key>
			<string>sourcecode.cpp.objcpp</string>
			<key>path</key>
			<string>POPAnimation.mm</string>
			<key>sourceTree</key>
			<string>&lt;group&gt;</string>
		</dict>
		<key>89978EEB1BBCE756003C0160</key>
		<dict>
			<key>fileEncoding</key>
			<string>4</string>
			<key>isa</key>
			<string>PBXFileReference</string>
			<key>lastKnownFileType</key>
			<string>sourcecode.c.h</string>
			<key>path</key>
			<string>POPAnimationEvent.h</string>
			<key>sourceTree</key>
			<string>&lt;group&gt;</string>
		</dict>
		<key>89978EEC1BBCE756003C0160</key>
		<dict>
			<key>fileEncoding</key>
			<string>4</string>
			<key>isa</key>
			<string>PBXFileReference</string>
			<key>lastKnownFileType</key>
			<string>sourcecode.cpp.objcpp</string>
			<key>path</key>
			<string>POPAnimationEvent.mm</string>
			<key>sourceTree</key>
			<string>&lt;group&gt;</string>
		</dict>
		<key>89978EED1BBCE756003C0160</key>
		<dict>
			<key>fileEncoding</key>
			<string>4</string>
			<key>isa</key>
			<string>PBXFileReference</string>
			<key>lastKnownFileType</key>
			<string>sourcecode.c.h</string>
			<key>path</key>
			<string>POPAnimationEventInternal.h</string>
			<key>sourceTree</key>
			<string>&lt;group&gt;</string>
		</dict>
		<key>89978EEE1BBCE756003C0160</key>
		<dict>
			<key>fileEncoding</key>
			<string>4</string>
			<key>isa</key>
			<string>PBXFileReference</string>
			<key>lastKnownFileType</key>
			<string>sourcecode.c.h</string>
			<key>lineEnding</key>
			<string>0</string>
			<key>path</key>
			<string>POPAnimationExtras.h</string>
			<key>sourceTree</key>
			<string>&lt;group&gt;</string>
			<key>xcLanguageSpecificationIdentifier</key>
			<string>xcode.lang.objcpp</string>
		</dict>
		<key>89978EEF1BBCE756003C0160</key>
		<dict>
			<key>fileEncoding</key>
			<string>4</string>
			<key>isa</key>
			<string>PBXFileReference</string>
			<key>lastKnownFileType</key>
			<string>sourcecode.cpp.objcpp</string>
			<key>path</key>
			<string>POPAnimationExtras.mm</string>
			<key>sourceTree</key>
			<string>&lt;group&gt;</string>
		</dict>
		<key>89978EF01BBCE756003C0160</key>
		<dict>
			<key>fileEncoding</key>
			<string>4</string>
			<key>isa</key>
			<string>PBXFileReference</string>
			<key>lastKnownFileType</key>
			<string>sourcecode.c.h</string>
			<key>path</key>
			<string>POPAnimationInternal.h</string>
			<key>sourceTree</key>
			<string>&lt;group&gt;</string>
		</dict>
		<key>89978EF11BBCE756003C0160</key>
		<dict>
			<key>fileEncoding</key>
			<string>4</string>
			<key>isa</key>
			<string>PBXFileReference</string>
			<key>lastKnownFileType</key>
			<string>sourcecode.c.h</string>
			<key>path</key>
			<string>POPAnimationPrivate.h</string>
			<key>sourceTree</key>
			<string>&lt;group&gt;</string>
		</dict>
		<key>89978EF21BBCE756003C0160</key>
		<dict>
			<key>fileEncoding</key>
			<string>4</string>
			<key>isa</key>
			<string>PBXFileReference</string>
			<key>lastKnownFileType</key>
			<string>sourcecode.c.h</string>
			<key>path</key>
			<string>POPAnimationRuntime.h</string>
			<key>sourceTree</key>
			<string>&lt;group&gt;</string>
		</dict>
		<key>89978EF31BBCE756003C0160</key>
		<dict>
			<key>fileEncoding</key>
			<string>4</string>
			<key>isa</key>
			<string>PBXFileReference</string>
			<key>lastKnownFileType</key>
			<string>sourcecode.cpp.objcpp</string>
			<key>path</key>
			<string>POPAnimationRuntime.mm</string>
			<key>sourceTree</key>
			<string>&lt;group&gt;</string>
		</dict>
		<key>89978EF41BBCE756003C0160</key>
		<dict>
			<key>fileEncoding</key>
			<string>4</string>
			<key>isa</key>
			<string>PBXFileReference</string>
			<key>lastKnownFileType</key>
			<string>sourcecode.c.h</string>
			<key>path</key>
			<string>POPAnimationTracer.h</string>
			<key>sourceTree</key>
			<string>&lt;group&gt;</string>
		</dict>
		<key>89978EF51BBCE756003C0160</key>
		<dict>
			<key>fileEncoding</key>
			<string>4</string>
			<key>isa</key>
			<string>PBXFileReference</string>
			<key>lastKnownFileType</key>
			<string>sourcecode.cpp.objcpp</string>
			<key>path</key>
			<string>POPAnimationTracer.mm</string>
			<key>sourceTree</key>
			<string>&lt;group&gt;</string>
		</dict>
		<key>89978EF61BBCE756003C0160</key>
		<dict>
			<key>fileEncoding</key>
			<string>4</string>
			<key>isa</key>
			<string>PBXFileReference</string>
			<key>lastKnownFileType</key>
			<string>sourcecode.c.h</string>
			<key>path</key>
			<string>POPAnimationTracerInternal.h</string>
			<key>sourceTree</key>
			<string>&lt;group&gt;</string>
		</dict>
		<key>89978EF71BBCE756003C0160</key>
		<dict>
			<key>fileEncoding</key>
			<string>4</string>
			<key>isa</key>
			<string>PBXFileReference</string>
			<key>lastKnownFileType</key>
			<string>sourcecode.c.h</string>
			<key>path</key>
			<string>POPAnimator.h</string>
			<key>sourceTree</key>
			<string>&lt;group&gt;</string>
		</dict>
		<key>89978EF81BBCE756003C0160</key>
		<dict>
			<key>fileEncoding</key>
			<string>4</string>
			<key>isa</key>
			<string>PBXFileReference</string>
			<key>lastKnownFileType</key>
			<string>sourcecode.cpp.objcpp</string>
			<key>path</key>
			<string>POPAnimator.mm</string>
			<key>sourceTree</key>
			<string>&lt;group&gt;</string>
		</dict>
		<key>89978EF91BBCE756003C0160</key>
		<dict>
			<key>fileEncoding</key>
			<string>4</string>
			<key>isa</key>
			<string>PBXFileReference</string>
			<key>lastKnownFileType</key>
			<string>sourcecode.c.h</string>
			<key>path</key>
			<string>POPAnimatorPrivate.h</string>
			<key>sourceTree</key>
			<string>&lt;group&gt;</string>
		</dict>
		<key>89978EFA1BBCE756003C0160</key>
		<dict>
			<key>fileEncoding</key>
			<string>4</string>
			<key>isa</key>
			<string>PBXFileReference</string>
			<key>lastKnownFileType</key>
			<string>sourcecode.c.h</string>
			<key>path</key>
			<string>POPBasicAnimation.h</string>
			<key>sourceTree</key>
			<string>&lt;group&gt;</string>
		</dict>
		<key>89978EFB1BBCE756003C0160</key>
		<dict>
			<key>fileEncoding</key>
			<string>4</string>
			<key>isa</key>
			<string>PBXFileReference</string>
			<key>lastKnownFileType</key>
			<string>sourcecode.cpp.objcpp</string>
			<key>path</key>
			<string>POPBasicAnimation.mm</string>
			<key>sourceTree</key>
			<string>&lt;group&gt;</string>
		</dict>
		<key>89978EFC1BBCE756003C0160</key>
		<dict>
			<key>fileEncoding</key>
			<string>4</string>
			<key>isa</key>
			<string>PBXFileReference</string>
			<key>lastKnownFileType</key>
			<string>sourcecode.c.h</string>
			<key>path</key>
			<string>POPBasicAnimationInternal.h</string>
			<key>sourceTree</key>
			<string>&lt;group&gt;</string>
		</dict>
		<key>89978EFD1BBCE756003C0160</key>
		<dict>
			<key>fileEncoding</key>
			<string>4</string>
			<key>isa</key>
			<string>PBXFileReference</string>
			<key>lastKnownFileType</key>
			<string>sourcecode.c.h</string>
			<key>path</key>
			<string>POPCGUtils.h</string>
			<key>sourceTree</key>
			<string>&lt;group&gt;</string>
		</dict>
		<key>89978EFE1BBCE756003C0160</key>
		<dict>
			<key>fileEncoding</key>
			<string>4</string>
			<key>isa</key>
			<string>PBXFileReference</string>
			<key>lastKnownFileType</key>
			<string>sourcecode.cpp.objcpp</string>
			<key>path</key>
			<string>POPCGUtils.mm</string>
			<key>sourceTree</key>
			<string>&lt;group&gt;</string>
		</dict>
		<key>89978EFF1BBCE756003C0160</key>
		<dict>
			<key>fileEncoding</key>
			<string>4</string>
			<key>isa</key>
			<string>PBXFileReference</string>
			<key>lastKnownFileType</key>
			<string>sourcecode.c.h</string>
			<key>path</key>
			<string>POPCustomAnimation.h</string>
			<key>sourceTree</key>
			<string>&lt;group&gt;</string>
		</dict>
		<key>89978F001BBCE756003C0160</key>
		<dict>
			<key>fileEncoding</key>
			<string>4</string>
			<key>isa</key>
			<string>PBXFileReference</string>
			<key>lastKnownFileType</key>
			<string>sourcecode.cpp.objcpp</string>
			<key>path</key>
			<string>POPCustomAnimation.mm</string>
			<key>sourceTree</key>
			<string>&lt;group&gt;</string>
		</dict>
		<key>89978F011BBCE756003C0160</key>
		<dict>
			<key>fileEncoding</key>
			<string>4</string>
			<key>isa</key>
			<string>PBXFileReference</string>
			<key>lastKnownFileType</key>
			<string>sourcecode.c.h</string>
			<key>path</key>
			<string>POPDecayAnimation.h</string>
			<key>sourceTree</key>
			<string>&lt;group&gt;</string>
		</dict>
		<key>89978F021BBCE756003C0160</key>
		<dict>
			<key>fileEncoding</key>
			<string>4</string>
			<key>isa</key>
			<string>PBXFileReference</string>
			<key>lastKnownFileType</key>
			<string>sourcecode.cpp.objcpp</string>
			<key>path</key>
			<string>POPDecayAnimation.mm</string>
			<key>sourceTree</key>
			<string>&lt;group&gt;</string>
		</dict>
		<key>89978F031BBCE756003C0160</key>
		<dict>
			<key>fileEncoding</key>
			<string>4</string>
			<key>isa</key>
			<string>PBXFileReference</string>
			<key>lastKnownFileType</key>
			<string>sourcecode.c.h</string>
			<key>path</key>
			<string>POPDecayAnimationInternal.h</string>
			<key>sourceTree</key>
			<string>&lt;group&gt;</string>
		</dict>
		<key>89978F041BBCE756003C0160</key>
		<dict>
			<key>fileEncoding</key>
			<string>4</string>
			<key>isa</key>
			<string>PBXFileReference</string>
			<key>lastKnownFileType</key>
			<string>sourcecode.c.h</string>
			<key>path</key>
			<string>POPDefines.h</string>
			<key>sourceTree</key>
			<string>&lt;group&gt;</string>
		</dict>
		<key>89978F051BBCE756003C0160</key>
		<dict>
			<key>fileEncoding</key>
			<string>4</string>
			<key>isa</key>
			<string>PBXFileReference</string>
			<key>lastKnownFileType</key>
			<string>sourcecode.c.h</string>
			<key>path</key>
			<string>POPGeometry.h</string>
			<key>sourceTree</key>
			<string>&lt;group&gt;</string>
		</dict>
		<key>89978F061BBCE756003C0160</key>
		<dict>
			<key>fileEncoding</key>
			<string>4</string>
			<key>isa</key>
			<string>PBXFileReference</string>
			<key>lastKnownFileType</key>
			<string>sourcecode.cpp.objcpp</string>
			<key>path</key>
			<string>POPGeometry.mm</string>
			<key>sourceTree</key>
			<string>&lt;group&gt;</string>
		</dict>
		<key>89978F071BBCE756003C0160</key>
		<dict>
			<key>fileEncoding</key>
			<string>4</string>
			<key>isa</key>
			<string>PBXFileReference</string>
			<key>lastKnownFileType</key>
			<string>sourcecode.c.h</string>
			<key>path</key>
			<string>POPLayerExtras.h</string>
			<key>sourceTree</key>
			<string>&lt;group&gt;</string>
		</dict>
		<key>89978F081BBCE756003C0160</key>
		<dict>
			<key>fileEncoding</key>
			<string>4</string>
			<key>isa</key>
			<string>PBXFileReference</string>
			<key>lastKnownFileType</key>
			<string>sourcecode.cpp.objcpp</string>
			<key>path</key>
			<string>POPLayerExtras.mm</string>
			<key>sourceTree</key>
			<string>&lt;group&gt;</string>
		</dict>
		<key>89978F091BBCE756003C0160</key>
		<dict>
			<key>fileEncoding</key>
			<string>4</string>
			<key>isa</key>
			<string>PBXFileReference</string>
			<key>lastKnownFileType</key>
			<string>sourcecode.c.h</string>
			<key>path</key>
			<string>POPMath.h</string>
			<key>sourceTree</key>
			<string>&lt;group&gt;</string>
		</dict>
		<key>89978F0A1BBCE756003C0160</key>
		<dict>
			<key>fileEncoding</key>
			<string>4</string>
			<key>isa</key>
			<string>PBXFileReference</string>
			<key>lastKnownFileType</key>
			<string>sourcecode.cpp.objcpp</string>
			<key>path</key>
			<string>POPMath.mm</string>
			<key>sourceTree</key>
			<string>&lt;group&gt;</string>
		</dict>
		<key>89978F0B1BBCE756003C0160</key>
		<dict>
			<key>fileEncoding</key>
			<string>4</string>
			<key>isa</key>
			<string>PBXFileReference</string>
			<key>lastKnownFileType</key>
			<string>sourcecode.c.h</string>
			<key>path</key>
			<string>POPPropertyAnimation.h</string>
			<key>sourceTree</key>
			<string>&lt;group&gt;</string>
		</dict>
		<key>89978F0C1BBCE756003C0160</key>
		<dict>
			<key>fileEncoding</key>
			<string>4</string>
			<key>isa</key>
			<string>PBXFileReference</string>
			<key>lastKnownFileType</key>
			<string>sourcecode.cpp.objcpp</string>
			<key>path</key>
			<string>POPPropertyAnimation.mm</string>
			<key>sourceTree</key>
			<string>&lt;group&gt;</string>
		</dict>
		<key>89978F0D1BBCE756003C0160</key>
		<dict>
			<key>fileEncoding</key>
			<string>4</string>
			<key>isa</key>
			<string>PBXFileReference</string>
			<key>lastKnownFileType</key>
			<string>sourcecode.c.h</string>
			<key>path</key>
			<string>POPPropertyAnimationInternal.h</string>
			<key>sourceTree</key>
			<string>&lt;group&gt;</string>
		</dict>
		<key>89978F0E1BBCE756003C0160</key>
		<dict>
			<key>fileEncoding</key>
			<string>4</string>
			<key>isa</key>
			<string>PBXFileReference</string>
			<key>lastKnownFileType</key>
			<string>sourcecode.c.h</string>
			<key>path</key>
			<string>POPSpringAnimation.h</string>
			<key>sourceTree</key>
			<string>&lt;group&gt;</string>
		</dict>
		<key>89978F0F1BBCE756003C0160</key>
		<dict>
			<key>fileEncoding</key>
			<string>4</string>
			<key>isa</key>
			<string>PBXFileReference</string>
			<key>lastKnownFileType</key>
			<string>sourcecode.cpp.objcpp</string>
			<key>path</key>
			<string>POPSpringAnimation.mm</string>
			<key>sourceTree</key>
			<string>&lt;group&gt;</string>
		</dict>
		<key>89978F101BBCE756003C0160</key>
		<dict>
			<key>fileEncoding</key>
			<string>4</string>
			<key>isa</key>
			<string>PBXFileReference</string>
			<key>lastKnownFileType</key>
			<string>sourcecode.c.h</string>
			<key>path</key>
			<string>POPSpringAnimationInternal.h</string>
			<key>sourceTree</key>
			<string>&lt;group&gt;</string>
		</dict>
		<key>89978F111BBCE756003C0160</key>
		<dict>
			<key>fileEncoding</key>
			<string>4</string>
			<key>isa</key>
			<string>PBXFileReference</string>
			<key>lastKnownFileType</key>
			<string>sourcecode.c.h</string>
			<key>path</key>
			<string>POPSpringSolver.h</string>
			<key>sourceTree</key>
			<string>&lt;group&gt;</string>
		</dict>
		<key>89978F121BBCE756003C0160</key>
		<dict>
			<key>fileEncoding</key>
			<string>4</string>
			<key>isa</key>
			<string>PBXFileReference</string>
			<key>lastKnownFileType</key>
			<string>sourcecode.c.h</string>
			<key>path</key>
			<string>POPVector.h</string>
			<key>sourceTree</key>
			<string>&lt;group&gt;</string>
		</dict>
		<key>89978F131BBCE756003C0160</key>
		<dict>
			<key>fileEncoding</key>
			<string>4</string>
			<key>isa</key>
			<string>PBXFileReference</string>
			<key>lastKnownFileType</key>
			<string>sourcecode.cpp.objcpp</string>
			<key>path</key>
			<string>POPVector.mm</string>
			<key>sourceTree</key>
			<string>&lt;group&gt;</string>
		</dict>
		<key>89978F141BBCE756003C0160</key>
		<dict>
			<key>children</key>
			<array>
				<string>89978F151BBCE756003C0160</string>
				<string>89978F161BBCE756003C0160</string>
				<string>89978F171BBCE756003C0160</string>
				<string>89978F181BBCE756003C0160</string>
			</array>
			<key>isa</key>
			<string>PBXGroup</string>
			<key>path</key>
			<string>WebCore</string>
			<key>sourceTree</key>
			<string>&lt;group&gt;</string>
		</dict>
		<key>89978F151BBCE756003C0160</key>
		<dict>
			<key>fileEncoding</key>
			<string>4</string>
			<key>isa</key>
			<string>PBXFileReference</string>
			<key>lastKnownFileType</key>
			<string>sourcecode.c.h</string>
			<key>path</key>
			<string>FloatConversion.h</string>
			<key>sourceTree</key>
			<string>&lt;group&gt;</string>
		</dict>
		<key>89978F161BBCE756003C0160</key>
		<dict>
			<key>fileEncoding</key>
			<string>4</string>
			<key>isa</key>
			<string>PBXFileReference</string>
			<key>lastKnownFileType</key>
			<string>sourcecode.cpp.cpp</string>
			<key>path</key>
			<string>TransformationMatrix.cpp</string>
			<key>sourceTree</key>
			<string>&lt;group&gt;</string>
		</dict>
		<key>89978F171BBCE756003C0160</key>
		<dict>
			<key>fileEncoding</key>
			<string>4</string>
			<key>isa</key>
			<string>PBXFileReference</string>
			<key>lastKnownFileType</key>
			<string>sourcecode.c.h</string>
			<key>path</key>
			<string>TransformationMatrix.h</string>
			<key>sourceTree</key>
			<string>&lt;group&gt;</string>
		</dict>
		<key>89978F181BBCE756003C0160</key>
		<dict>
			<key>fileEncoding</key>
			<string>4</string>
			<key>isa</key>
			<string>PBXFileReference</string>
			<key>lastKnownFileType</key>
			<string>sourcecode.c.h</string>
			<key>path</key>
			<string>UnitBezier.h</string>
			<key>sourceTree</key>
			<string>&lt;group&gt;</string>
		</dict>
		<key>89978F1B1BBCE756003C0160</key>
		<dict>
			<key>fileRef</key>
			<string>89978EE81BBCE756003C0160</string>
			<key>isa</key>
			<string>PBXBuildFile</string>
			<key>settings</key>
			<dict>
				<key>ASSET_TAGS</key>
				<array/>
			</dict>
		</dict>
		<key>89978F1C1BBCE756003C0160</key>
		<dict>
			<key>fileRef</key>
			<string>89978EEA1BBCE756003C0160</string>
			<key>isa</key>
			<string>PBXBuildFile</string>
			<key>settings</key>
			<dict>
				<key>ASSET_TAGS</key>
				<array/>
			</dict>
		</dict>
		<key>89978F1D1BBCE756003C0160</key>
		<dict>
			<key>fileRef</key>
			<string>89978EEC1BBCE756003C0160</string>
			<key>isa</key>
			<string>PBXBuildFile</string>
			<key>settings</key>
			<dict>
				<key>ASSET_TAGS</key>
				<array/>
			</dict>
		</dict>
		<key>89978F1E1BBCE756003C0160</key>
		<dict>
			<key>fileRef</key>
			<string>89978EEF1BBCE756003C0160</string>
			<key>isa</key>
			<string>PBXBuildFile</string>
			<key>settings</key>
			<dict>
				<key>ASSET_TAGS</key>
				<array/>
			</dict>
		</dict>
		<key>89978F1F1BBCE756003C0160</key>
		<dict>
			<key>fileRef</key>
			<string>89978EF31BBCE756003C0160</string>
			<key>isa</key>
			<string>PBXBuildFile</string>
			<key>settings</key>
			<dict>
				<key>ASSET_TAGS</key>
				<array/>
			</dict>
		</dict>
		<key>89978F201BBCE756003C0160</key>
		<dict>
			<key>fileRef</key>
			<string>89978EF51BBCE756003C0160</string>
			<key>isa</key>
			<string>PBXBuildFile</string>
			<key>settings</key>
			<dict>
				<key>ASSET_TAGS</key>
				<array/>
			</dict>
		</dict>
		<key>89978F211BBCE756003C0160</key>
		<dict>
			<key>fileRef</key>
			<string>89978EF81BBCE756003C0160</string>
			<key>isa</key>
			<string>PBXBuildFile</string>
			<key>settings</key>
			<dict>
				<key>ASSET_TAGS</key>
				<array/>
			</dict>
		</dict>
		<key>89978F221BBCE756003C0160</key>
		<dict>
			<key>fileRef</key>
			<string>89978EFB1BBCE756003C0160</string>
			<key>isa</key>
			<string>PBXBuildFile</string>
			<key>settings</key>
			<dict>
				<key>ASSET_TAGS</key>
				<array/>
			</dict>
		</dict>
		<key>89978F231BBCE756003C0160</key>
		<dict>
			<key>fileRef</key>
			<string>89978EFE1BBCE756003C0160</string>
			<key>isa</key>
			<string>PBXBuildFile</string>
			<key>settings</key>
			<dict>
				<key>ASSET_TAGS</key>
				<array/>
			</dict>
		</dict>
		<key>89978F241BBCE756003C0160</key>
		<dict>
			<key>fileRef</key>
			<string>89978F001BBCE756003C0160</string>
			<key>isa</key>
			<string>PBXBuildFile</string>
			<key>settings</key>
			<dict>
				<key>ASSET_TAGS</key>
				<array/>
			</dict>
		</dict>
		<key>89978F251BBCE756003C0160</key>
		<dict>
			<key>fileRef</key>
			<string>89978F021BBCE756003C0160</string>
			<key>isa</key>
			<string>PBXBuildFile</string>
			<key>settings</key>
			<dict>
				<key>ASSET_TAGS</key>
				<array/>
			</dict>
		</dict>
		<key>89978F261BBCE756003C0160</key>
		<dict>
			<key>fileRef</key>
			<string>89978F061BBCE756003C0160</string>
			<key>isa</key>
			<string>PBXBuildFile</string>
			<key>settings</key>
			<dict>
				<key>ASSET_TAGS</key>
				<array/>
			</dict>
		</dict>
		<key>89978F271BBCE756003C0160</key>
		<dict>
			<key>fileRef</key>
			<string>89978F081BBCE756003C0160</string>
			<key>isa</key>
			<string>PBXBuildFile</string>
			<key>settings</key>
			<dict>
				<key>ASSET_TAGS</key>
				<array/>
			</dict>
		</dict>
		<key>89978F281BBCE756003C0160</key>
		<dict>
			<key>fileRef</key>
			<string>89978F0A1BBCE756003C0160</string>
			<key>isa</key>
			<string>PBXBuildFile</string>
			<key>settings</key>
			<dict>
				<key>ASSET_TAGS</key>
				<array/>
			</dict>
		</dict>
		<key>89978F291BBCE756003C0160</key>
		<dict>
			<key>fileRef</key>
			<string>89978F0C1BBCE756003C0160</string>
			<key>isa</key>
			<string>PBXBuildFile</string>
			<key>settings</key>
			<dict>
				<key>ASSET_TAGS</key>
				<array/>
			</dict>
		</dict>
		<key>89978F2A1BBCE756003C0160</key>
		<dict>
			<key>fileRef</key>
			<string>89978F0F1BBCE756003C0160</string>
			<key>isa</key>
			<string>PBXBuildFile</string>
			<key>settings</key>
			<dict>
				<key>ASSET_TAGS</key>
				<array/>
			</dict>
		</dict>
		<key>89978F2B1BBCE756003C0160</key>
		<dict>
			<key>fileRef</key>
			<string>89978F131BBCE756003C0160</string>
			<key>isa</key>
			<string>PBXBuildFile</string>
			<key>settings</key>
			<dict>
				<key>ASSET_TAGS</key>
				<array/>
			</dict>
		</dict>
		<key>89978F2C1BBCE756003C0160</key>
		<dict>
			<key>fileRef</key>
			<string>89978F161BBCE756003C0160</string>
			<key>isa</key>
			<string>PBXBuildFile</string>
			<key>settings</key>
			<dict>
				<key>ASSET_TAGS</key>
				<array/>
			</dict>
		</dict>
		<key>89AC9DE91B5F80B10072EA65</key>
		<dict>
			<key>children</key>
			<array>
				<string>89AC9DEA1B5F80BE0072EA65</string>
				<string>89AC9DEB1B5F80BE0072EA65</string>
				<string>89AC9DEC1B5F80BE0072EA65</string>
				<string>89AC9DED1B5F80BE0072EA65</string>
				<string>89AC9DEE1B5F80BE0072EA65</string>
				<string>89AC9DEF1B5F80BE0072EA65</string>
				<string>89AC9DF01B5F80BE0072EA65</string>
				<string>89AC9DF11B5F80BE0072EA65</string>
				<string>89AC9DF21B5F80BE0072EA65</string>
				<string>89AC9DF31B5F80BE0072EA65</string>
				<string>89AC9DF41B5F80BE0072EA65</string>
			</array>
			<key>isa</key>
			<string>PBXGroup</string>
			<key>path</key>
			<string>SampleImages</string>
			<key>sourceTree</key>
			<string>&lt;group&gt;</string>
		</dict>
		<key>89AC9DEA1B5F80BE0072EA65</key>
		<dict>
			<key>isa</key>
			<string>PBXFileReference</string>
			<key>lastKnownFileType</key>
			<string>image.jpeg</string>
			<key>path</key>
			<string>image0.jpg</string>
			<key>sourceTree</key>
			<string>&lt;group&gt;</string>
		</dict>
		<key>89AC9DEB1B5F80BE0072EA65</key>
		<dict>
			<key>isa</key>
			<string>PBXFileReference</string>
			<key>lastKnownFileType</key>
			<string>image.jpeg</string>
			<key>path</key>
			<string>image1.jpg</string>
			<key>sourceTree</key>
			<string>&lt;group&gt;</string>
		</dict>
		<key>89AC9DEC1B5F80BE0072EA65</key>
		<dict>
			<key>isa</key>
			<string>PBXFileReference</string>
			<key>lastKnownFileType</key>
			<string>image.jpeg</string>
			<key>path</key>
			<string>image2.jpg</string>
			<key>sourceTree</key>
			<string>&lt;group&gt;</string>
		</dict>
		<key>89AC9DED1B5F80BE0072EA65</key>
		<dict>
			<key>isa</key>
			<string>PBXFileReference</string>
			<key>lastKnownFileType</key>
			<string>image.jpeg</string>
			<key>path</key>
			<string>image3.jpg</string>
			<key>sourceTree</key>
			<string>&lt;group&gt;</string>
		</dict>
		<key>89AC9DEE1B5F80BE0072EA65</key>
		<dict>
			<key>isa</key>
			<string>PBXFileReference</string>
			<key>lastKnownFileType</key>
			<string>image.jpeg</string>
			<key>path</key>
			<string>image4.jpg</string>
			<key>sourceTree</key>
			<string>&lt;group&gt;</string>
		</dict>
		<key>89AC9DEF1B5F80BE0072EA65</key>
		<dict>
			<key>isa</key>
			<string>PBXFileReference</string>
			<key>lastKnownFileType</key>
			<string>image.jpeg</string>
			<key>path</key>
			<string>image5.jpg</string>
			<key>sourceTree</key>
			<string>&lt;group&gt;</string>
		</dict>
		<key>89AC9DF01B5F80BE0072EA65</key>
		<dict>
			<key>isa</key>
			<string>PBXFileReference</string>
			<key>lastKnownFileType</key>
			<string>image.jpeg</string>
			<key>path</key>
			<string>image6.jpg</string>
			<key>sourceTree</key>
			<string>&lt;group&gt;</string>
		</dict>
		<key>89AC9DF11B5F80BE0072EA65</key>
		<dict>
			<key>isa</key>
			<string>PBXFileReference</string>
			<key>lastKnownFileType</key>
			<string>image.jpeg</string>
			<key>path</key>
			<string>image7.jpg</string>
			<key>sourceTree</key>
			<string>&lt;group&gt;</string>
		</dict>
		<key>89AC9DF21B5F80BE0072EA65</key>
		<dict>
			<key>isa</key>
			<string>PBXFileReference</string>
			<key>lastKnownFileType</key>
			<string>image.jpeg</string>
			<key>path</key>
			<string>image8.jpg</string>
			<key>sourceTree</key>
			<string>&lt;group&gt;</string>
		</dict>
		<key>89AC9DF31B5F80BE0072EA65</key>
		<dict>
			<key>isa</key>
			<string>PBXFileReference</string>
			<key>lastKnownFileType</key>
			<string>image.jpeg</string>
			<key>path</key>
			<string>image9.jpg</string>
			<key>sourceTree</key>
			<string>&lt;group&gt;</string>
		</dict>
		<key>89AC9DF41B5F80BE0072EA65</key>
		<dict>
			<key>isa</key>
			<string>PBXFileReference</string>
			<key>lastKnownFileType</key>
			<string>image.jpeg</string>
			<key>path</key>
			<string>image10.jpg</string>
			<key>sourceTree</key>
			<string>&lt;group&gt;</string>
		</dict>
		<key>89AC9DF51B5F80BE0072EA65</key>
		<dict>
			<key>fileRef</key>
			<string>89AC9DEA1B5F80BE0072EA65</string>
			<key>isa</key>
			<string>PBXBuildFile</string>
		</dict>
		<key>89AC9DF61B5F80BE0072EA65</key>
		<dict>
			<key>fileRef</key>
			<string>89AC9DEB1B5F80BE0072EA65</string>
			<key>isa</key>
			<string>PBXBuildFile</string>
		</dict>
		<key>89AC9DF71B5F80BE0072EA65</key>
		<dict>
			<key>fileRef</key>
			<string>89AC9DEC1B5F80BE0072EA65</string>
			<key>isa</key>
			<string>PBXBuildFile</string>
		</dict>
		<key>89AC9DF81B5F80BE0072EA65</key>
		<dict>
			<key>fileRef</key>
			<string>89AC9DED1B5F80BE0072EA65</string>
			<key>isa</key>
			<string>PBXBuildFile</string>
		</dict>
		<key>89AC9DF91B5F80BE0072EA65</key>
		<dict>
			<key>fileRef</key>
			<string>89AC9DEE1B5F80BE0072EA65</string>
			<key>isa</key>
			<string>PBXBuildFile</string>
		</dict>
		<key>89AC9DFA1B5F80BE0072EA65</key>
		<dict>
			<key>fileRef</key>
			<string>89AC9DEF1B5F80BE0072EA65</string>
			<key>isa</key>
			<string>PBXBuildFile</string>
		</dict>
		<key>89AC9DFB1B5F80BE0072EA65</key>
		<dict>
			<key>fileRef</key>
			<string>89AC9DF01B5F80BE0072EA65</string>
			<key>isa</key>
			<string>PBXBuildFile</string>
		</dict>
		<key>89AC9DFC1B5F80BE0072EA65</key>
		<dict>
			<key>fileRef</key>
			<string>89AC9DF11B5F80BE0072EA65</string>
			<key>isa</key>
			<string>PBXBuildFile</string>
		</dict>
		<key>89AC9DFD1B5F80BE0072EA65</key>
		<dict>
			<key>fileRef</key>
			<string>89AC9DF21B5F80BE0072EA65</string>
			<key>isa</key>
			<string>PBXBuildFile</string>
		</dict>
		<key>89AC9DFE1B5F80BE0072EA65</key>
		<dict>
			<key>fileRef</key>
			<string>89AC9DF31B5F80BE0072EA65</string>
			<key>isa</key>
			<string>PBXBuildFile</string>
		</dict>
		<key>89AC9DFF1B5F80BE0072EA65</key>
		<dict>
			<key>fileRef</key>
			<string>89AC9DF41B5F80BE0072EA65</string>
			<key>isa</key>
			<string>PBXBuildFile</string>
		</dict>
		<key>89D141561BBBC2F4008044EC</key>
		<dict>
			<key>children</key>
			<array>
				<string>89978ED71BBCE74E003C0160</string>
				<string>89ED477B1BBBC595002C56A7</string>
				<string>89978EE41BBCE756003C0160</string>
			</array>
			<key>isa</key>
			<string>PBXGroup</string>
			<key>path</key>
			<string>Libraries</string>
			<key>sourceTree</key>
			<string>&lt;group&gt;</string>
		</dict>
		<key>89D141571BBBC306008044EC</key>
		<dict>
			<key>isa</key>
			<string>PBXFileReference</string>
			<key>lastKnownFileType</key>
			<string>sourcecode.c.h</string>
			<key>path</key>
			<string>HoneycombViewExample-Bridging-Header.h</string>
			<key>sourceTree</key>
			<string>&lt;group&gt;</string>
		</dict>
		<key>89D141581BBBC307008044EC</key>
		<dict>
			<key>fileEncoding</key>
			<string>4</string>
			<key>isa</key>
			<string>PBXFileReference</string>
			<key>lastKnownFileType</key>
			<string>sourcecode.c.h</string>
			<key>path</key>
			<string>IDMCaptionView.h</string>
			<key>sourceTree</key>
			<string>&lt;group&gt;</string>
		</dict>
		<key>89D141591BBBC307008044EC</key>
		<dict>
			<key>fileEncoding</key>
			<string>4</string>
			<key>isa</key>
			<string>PBXFileReference</string>
			<key>lastKnownFileType</key>
			<string>sourcecode.c.objc</string>
			<key>path</key>
			<string>IDMCaptionView.m</string>
			<key>sourceTree</key>
			<string>&lt;group&gt;</string>
		</dict>
		<key>89D1415A1BBBC307008044EC</key>
		<dict>
			<key>fileEncoding</key>
			<string>4</string>
			<key>isa</key>
			<string>PBXFileReference</string>
			<key>lastKnownFileType</key>
			<string>sourcecode.c.h</string>
			<key>path</key>
			<string>IDMPBConstants.h</string>
			<key>sourceTree</key>
			<string>&lt;group&gt;</string>
		</dict>
		<key>89D1415B1BBBC307008044EC</key>
		<dict>
			<key>isa</key>
			<string>PBXFileReference</string>
			<key>lastKnownFileType</key>
			<string>wrapper.plug-in</string>
			<key>path</key>
			<string>IDMPBLocalizations.bundle</string>
			<key>sourceTree</key>
			<string>&lt;group&gt;</string>
		</dict>
		<key>89D1415C1BBBC307008044EC</key>
		<dict>
			<key>fileEncoding</key>
			<string>4</string>
			<key>isa</key>
			<string>PBXFileReference</string>
			<key>lastKnownFileType</key>
			<string>sourcecode.c.h</string>
			<key>path</key>
			<string>IDMPhoto.h</string>
			<key>sourceTree</key>
			<string>&lt;group&gt;</string>
		</dict>
		<key>89D1415D1BBBC307008044EC</key>
		<dict>
			<key>fileEncoding</key>
			<string>4</string>
			<key>isa</key>
			<string>PBXFileReference</string>
			<key>lastKnownFileType</key>
			<string>sourcecode.c.objc</string>
			<key>path</key>
			<string>IDMPhoto.m</string>
			<key>sourceTree</key>
			<string>&lt;group&gt;</string>
		</dict>
		<key>89D1415E1BBBC307008044EC</key>
		<dict>
			<key>isa</key>
			<string>PBXFileReference</string>
			<key>lastKnownFileType</key>
			<string>wrapper.plug-in</string>
			<key>path</key>
			<string>IDMPhotoBrowser.bundle</string>
			<key>sourceTree</key>
			<string>&lt;group&gt;</string>
		</dict>
		<key>89D1415F1BBBC307008044EC</key>
		<dict>
			<key>fileEncoding</key>
			<string>4</string>
			<key>isa</key>
			<string>PBXFileReference</string>
			<key>lastKnownFileType</key>
			<string>sourcecode.c.h</string>
			<key>path</key>
			<string>IDMPhotoBrowser.h</string>
			<key>sourceTree</key>
			<string>&lt;group&gt;</string>
		</dict>
		<key>89D141601BBBC307008044EC</key>
		<dict>
			<key>fileEncoding</key>
			<string>4</string>
			<key>isa</key>
			<string>PBXFileReference</string>
			<key>lastKnownFileType</key>
			<string>sourcecode.c.objc</string>
			<key>path</key>
			<string>IDMPhotoBrowser.m</string>
			<key>sourceTree</key>
			<string>&lt;group&gt;</string>
		</dict>
		<key>89D141611BBBC307008044EC</key>
		<dict>
			<key>fileEncoding</key>
			<string>4</string>
			<key>isa</key>
			<string>PBXFileReference</string>
			<key>lastKnownFileType</key>
			<string>sourcecode.c.h</string>
			<key>path</key>
			<string>IDMPhotoProtocol.h</string>
			<key>sourceTree</key>
			<string>&lt;group&gt;</string>
		</dict>
		<key>89D141621BBBC307008044EC</key>
		<dict>
			<key>fileEncoding</key>
			<string>4</string>
			<key>isa</key>
			<string>PBXFileReference</string>
			<key>lastKnownFileType</key>
			<string>sourcecode.c.h</string>
			<key>path</key>
			<string>IDMTapDetectingImageView.h</string>
			<key>sourceTree</key>
			<string>&lt;group&gt;</string>
		</dict>
		<key>89D141631BBBC307008044EC</key>
		<dict>
			<key>fileEncoding</key>
			<string>4</string>
			<key>isa</key>
			<string>PBXFileReference</string>
			<key>lastKnownFileType</key>
			<string>sourcecode.c.objc</string>
			<key>path</key>
			<string>IDMTapDetectingImageView.m</string>
			<key>sourceTree</key>
			<string>&lt;group&gt;</string>
		</dict>
		<key>89D141641BBBC307008044EC</key>
		<dict>
			<key>fileEncoding</key>
			<string>4</string>
			<key>isa</key>
			<string>PBXFileReference</string>
			<key>lastKnownFileType</key>
			<string>sourcecode.c.h</string>
			<key>path</key>
			<string>IDMTapDetectingView.h</string>
			<key>sourceTree</key>
			<string>&lt;group&gt;</string>
		</dict>
		<key>89D141651BBBC307008044EC</key>
		<dict>
			<key>fileEncoding</key>
			<string>4</string>
			<key>isa</key>
			<string>PBXFileReference</string>
			<key>lastKnownFileType</key>
			<string>sourcecode.c.objc</string>
			<key>path</key>
			<string>IDMTapDetectingView.m</string>
			<key>sourceTree</key>
			<string>&lt;group&gt;</string>
		</dict>
		<key>89D141661BBBC307008044EC</key>
		<dict>
			<key>fileEncoding</key>
			<string>4</string>
			<key>isa</key>
			<string>PBXFileReference</string>
			<key>lastKnownFileType</key>
			<string>sourcecode.c.h</string>
			<key>path</key>
			<string>IDMZoomingScrollView.h</string>
			<key>sourceTree</key>
			<string>&lt;group&gt;</string>
		</dict>
		<key>89D141671BBBC307008044EC</key>
		<dict>
			<key>fileEncoding</key>
			<string>4</string>
			<key>isa</key>
			<string>PBXFileReference</string>
			<key>lastKnownFileType</key>
			<string>sourcecode.c.objc</string>
			<key>path</key>
			<string>IDMZoomingScrollView.m</string>
			<key>sourceTree</key>
			<string>&lt;group&gt;</string>
		</dict>
		<key>89D141681BBBC307008044EC</key>
		<dict>
			<key>fileRef</key>
			<string>89D141591BBBC307008044EC</string>
			<key>isa</key>
			<string>PBXBuildFile</string>
			<key>settings</key>
			<dict>
				<key>ASSET_TAGS</key>
				<array/>
			</dict>
		</dict>
		<key>89D141691BBBC307008044EC</key>
		<dict>
			<key>fileRef</key>
			<string>89D1415B1BBBC307008044EC</string>
			<key>isa</key>
			<string>PBXBuildFile</string>
			<key>settings</key>
			<dict>
				<key>ASSET_TAGS</key>
				<array/>
			</dict>
		</dict>
		<key>89D1416A1BBBC307008044EC</key>
		<dict>
			<key>fileRef</key>
			<string>89D1415D1BBBC307008044EC</string>
			<key>isa</key>
			<string>PBXBuildFile</string>
			<key>settings</key>
			<dict>
				<key>ASSET_TAGS</key>
				<array/>
			</dict>
		</dict>
		<key>89D1416B1BBBC307008044EC</key>
		<dict>
			<key>fileRef</key>
			<string>89D1415E1BBBC307008044EC</string>
			<key>isa</key>
			<string>PBXBuildFile</string>
			<key>settings</key>
			<dict>
				<key>ASSET_TAGS</key>
				<array/>
			</dict>
		</dict>
		<key>89D1416C1BBBC307008044EC</key>
		<dict>
			<key>fileRef</key>
			<string>89D141601BBBC307008044EC</string>
			<key>isa</key>
			<string>PBXBuildFile</string>
			<key>settings</key>
			<dict>
				<key>ASSET_TAGS</key>
				<array/>
			</dict>
		</dict>
		<key>89D1416D1BBBC307008044EC</key>
		<dict>
			<key>fileRef</key>
			<string>89D141631BBBC307008044EC</string>
			<key>isa</key>
			<string>PBXBuildFile</string>
			<key>settings</key>
			<dict>
				<key>ASSET_TAGS</key>
				<array/>
			</dict>
		</dict>
		<key>89D1416E1BBBC307008044EC</key>
		<dict>
			<key>fileRef</key>
			<string>89D141651BBBC307008044EC</string>
			<key>isa</key>
			<string>PBXBuildFile</string>
			<key>settings</key>
			<dict>
				<key>ASSET_TAGS</key>
				<array/>
			</dict>
		</dict>
		<key>89D1416F1BBBC307008044EC</key>
		<dict>
			<key>fileRef</key>
			<string>89D141671BBBC307008044EC</string>
			<key>isa</key>
			<string>PBXBuildFile</string>
			<key>settings</key>
			<dict>
				<key>ASSET_TAGS</key>
				<array/>
			</dict>
		</dict>
		<key>89ED477B1BBBC595002C56A7</key>
		<dict>
			<key>children</key>
			<array>
				<string>89D1415B1BBBC307008044EC</string>
				<string>89D1415E1BBBC307008044EC</string>
				<string>89D141581BBBC307008044EC</string>
				<string>89D141591BBBC307008044EC</string>
				<string>89D1415A1BBBC307008044EC</string>
				<string>89D1415C1BBBC307008044EC</string>
				<string>89D1415D1BBBC307008044EC</string>
				<string>89D1415F1BBBC307008044EC</string>
				<string>89D141601BBBC307008044EC</string>
				<string>89D141611BBBC307008044EC</string>
				<string>89D141621BBBC307008044EC</string>
				<string>89D141631BBBC307008044EC</string>
				<string>89D141641BBBC307008044EC</string>
				<string>89D141651BBBC307008044EC</string>
				<string>89D141661BBBC307008044EC</string>
				<string>89D141671BBBC307008044EC</string>
			</array>
			<key>isa</key>
			<string>PBXGroup</string>
			<key>path</key>
			<string>IDMPhotoBrowser</string>
			<key>sourceTree</key>
			<string>&lt;group&gt;</string>
		</dict>
		<key>AE93C1D8652336F42B07A371</key>
		<dict>
			<key>includeInIndex</key>
			<string>1</string>
			<key>isa</key>
			<string>PBXFileReference</string>
			<key>lastKnownFileType</key>
			<string>text.xcconfig</string>
			<key>name</key>
			<string>Pods.debug.xcconfig</string>
			<key>path</key>
			<string>Pods/Target Support Files/Pods/Pods.debug.xcconfig</string>
			<key>sourceTree</key>
			<string>&lt;group&gt;</string>
		</dict>
		<key>CB71ECA1CE061D74980CCAAA</key>
		<dict>
			<key>children</key>
			<array>
				<string>89978EB61BBCC6E3003C0160</string>
				<string>89978EB41BBCC6E0003C0160</string>
				<string>12DF8C2F155D46B83A21303B</string>
			</array>
			<key>isa</key>
			<string>PBXGroup</string>
			<key>name</key>
			<string>Frameworks</string>
			<key>sourceTree</key>
			<string>&lt;group&gt;</string>
		</dict>
		<key>DBEE26C8D23C72E6B47BB12E</key>
		<dict>
			<key>includeInIndex</key>
			<string>1</string>
			<key>isa</key>
			<string>PBXFileReference</string>
			<key>lastKnownFileType</key>
			<string>text.xcconfig</string>
			<key>name</key>
			<string>Pods.release.xcconfig</string>
			<key>path</key>
			<string>Pods/Target Support Files/Pods/Pods.release.xcconfig</string>
			<key>sourceTree</key>
			<string>&lt;group&gt;</string>
		</dict>
	</dict>
	<key>rootObject</key>
	<string>8976D2D01B5F4E570016408F</string>
</dict>
</plist>
